// !$*UTF8*$!
{
	archiveVersion = 1;
	classes = {
	};
	objectVersion = 46;
	objects = {

/* Begin PBXBuildFile section */
		180794D32038CD66004D3003 /* 771_JewelsAndStones.swift in Sources */ = {isa = PBXBuildFile; fileRef = 180794D22038CD66004D3003 /* 771_JewelsAndStones.swift */; };
		180794D620391B14004D3003 /* 657_JudgeRouteCircle.swift in Sources */ = {isa = PBXBuildFile; fileRef = 180794D520391B14004D3003 /* 657_JudgeRouteCircle.swift */; };
		180794D8203962AF004D3003 /* 617_MergeTwoBinaryTrees.swift in Sources */ = {isa = PBXBuildFile; fileRef = 180794D7203962AF004D3003 /* 617_MergeTwoBinaryTrees.swift */; };
		180794DB2039650F004D3003 /* Queue.swift in Sources */ = {isa = PBXBuildFile; fileRef = 180794DA2039650F004D3003 /* Queue.swift */; };
		180794DD20396DC0004D3003 /* 637_AverageOfLevelsInBinaryTree.swift in Sources */ = {isa = PBXBuildFile; fileRef = 180794DC20396DC0004D3003 /* 637_AverageOfLevelsInBinaryTree.swift */; };
		18C3B3D41F232113003A327A /* AppDelegate.swift in Sources */ = {isa = PBXBuildFile; fileRef = 18C3B3D31F232113003A327A /* AppDelegate.swift */; };
		18C3B3D61F232113003A327A /* ViewController.swift in Sources */ = {isa = PBXBuildFile; fileRef = 18C3B3D51F232113003A327A /* ViewController.swift */; };
		18C3B3D91F232113003A327A /* Main.storyboard in Resources */ = {isa = PBXBuildFile; fileRef = 18C3B3D71F232113003A327A /* Main.storyboard */; };
		18C3B3DC1F232113003A327A /* LeetCodeSolution.xcdatamodeld in Sources */ = {isa = PBXBuildFile; fileRef = 18C3B3DA1F232113003A327A /* LeetCodeSolution.xcdatamodeld */; };
		18C3B3DE1F232113003A327A /* Assets.xcassets in Resources */ = {isa = PBXBuildFile; fileRef = 18C3B3DD1F232113003A327A /* Assets.xcassets */; };
		18C3B3E11F232113003A327A /* LaunchScreen.storyboard in Resources */ = {isa = PBXBuildFile; fileRef = 18C3B3DF1F232113003A327A /* LaunchScreen.storyboard */; };
		18C3B3F11F232223003A327A /* LongestPalindromicSubstring.swift in Sources */ = {isa = PBXBuildFile; fileRef = 18C3B3E91F232223003A327A /* LongestPalindromicSubstring.swift */; };
		18C3B3F21F232223003A327A /* 2Sum.swift in Sources */ = {isa = PBXBuildFile; fileRef = 18C3B3EA1F232223003A327A /* 2Sum.swift */; };
		18C3B3F31F232223003A327A /* 3Sum.swift in Sources */ = {isa = PBXBuildFile; fileRef = 18C3B3EB1F232223003A327A /* 3Sum.swift */; };
		18C3B3F41F232223003A327A /* LengthOfLongestSubstring.swift in Sources */ = {isa = PBXBuildFile; fileRef = 18C3B3EC1F232223003A327A /* LengthOfLongestSubstring.swift */; };
		18C3B3F51F232223003A327A /* AddTwoNumber.swift in Sources */ = {isa = PBXBuildFile; fileRef = 18C3B3ED1F232223003A327A /* AddTwoNumber.swift */; };
		18C3B3F61F232223003A327A /* StringToInteger.swift in Sources */ = {isa = PBXBuildFile; fileRef = 18C3B3EE1F232223003A327A /* StringToInteger.swift */; };
		18C3B3F71F232223003A327A /* LetterCombinationsOfAPhoneNumbe.swift in Sources */ = {isa = PBXBuildFile; fileRef = 18C3B3EF1F232223003A327A /* LetterCombinationsOfAPhoneNumbe.swift */; };
		18C3B3F81F232223003A327A /* ValidParatheses.swift in Sources */ = {isa = PBXBuildFile; fileRef = 18C3B3F01F232223003A327A /* ValidParatheses.swift */; };
		18C3B3FA1F23B093003A327A /* MergeTwoSortedLists.swift in Sources */ = {isa = PBXBuildFile; fileRef = 18C3B3F91F23B093003A327A /* MergeTwoSortedLists.swift */; };
		18C3B40B1F247E93003A327A /* MergeKSortedLists.swift in Sources */ = {isa = PBXBuildFile; fileRef = 18C3B40A1F247E93003A327A /* MergeKSortedLists.swift */; };
		18C3B40E1F24810C003A327A /* Heap.swift in Sources */ = {isa = PBXBuildFile; fileRef = 18C3B40C1F24810C003A327A /* Heap.swift */; };
		18C3B40F1F24810C003A327A /* ListNode.swift in Sources */ = {isa = PBXBuildFile; fileRef = 18C3B40D1F24810C003A327A /* ListNode.swift */; };
		18C3B4321F250F0E003A327A /* TrappingRainWater.swift in Sources */ = {isa = PBXBuildFile; fileRef = 18C3B4311F250F0E003A327A /* TrappingRainWater.swift */; };
		18C3B4341F255C0F003A327A /* RotateImage.swift in Sources */ = {isa = PBXBuildFile; fileRef = 18C3B4331F255C0F003A327A /* RotateImage.swift */; };
		18C3B4361F2568F1003A327A /* GroupAnagrams.swift in Sources */ = {isa = PBXBuildFile; fileRef = 18C3B4351F2568F1003A327A /* GroupAnagrams.swift */; };
		18C3B4381F25796C003A327A /* SetMatrixZeros.swift in Sources */ = {isa = PBXBuildFile; fileRef = 18C3B4371F25796C003A327A /* SetMatrixZeros.swift */; };
		18C3B43A1F2580B5003A327A /* Subsets.swift in Sources */ = {isa = PBXBuildFile; fileRef = 18C3B4391F2580B5003A327A /* Subsets.swift */; };
		18C3B43C1F25BAE1003A327A /* ValidateBinarySearchTree.swift in Sources */ = {isa = PBXBuildFile; fileRef = 18C3B43B1F25BAE1003A327A /* ValidateBinarySearchTree.swift */; };
		18C3B43E1F25BB0B003A327A /* BinaryTreeNode.swift in Sources */ = {isa = PBXBuildFile; fileRef = 18C3B43D1F25BB0B003A327A /* BinaryTreeNode.swift */; };
		18C3B4401F25D92E003A327A /* PascalsTriangle.swift in Sources */ = {isa = PBXBuildFile; fileRef = 18C3B43F1F25D92E003A327A /* PascalsTriangle.swift */; };
		18C3B4421F26556A003A327A /* SubmissionDetails.swift in Sources */ = {isa = PBXBuildFile; fileRef = 18C3B4411F26556A003A327A /* SubmissionDetails.swift */; };
		18C3B4441F266FC0003A327A /* BestTimeToBuyAndSellStock.swift in Sources */ = {isa = PBXBuildFile; fileRef = 18C3B4431F266FC0003A327A /* BestTimeToBuyAndSellStock.swift */; };
		18C3B4461F267FBC003A327A /* wordLadder.swift in Sources */ = {isa = PBXBuildFile; fileRef = 18C3B4451F267FBC003A327A /* wordLadder.swift */; };
		18C3B4481F270865003A327A /* WordLadder2.swift in Sources */ = {isa = PBXBuildFile; fileRef = 18C3B4471F270865003A327A /* WordLadder2.swift */; };
		18C3B44A1F27C346003A327A /* WordBreak.swift in Sources */ = {isa = PBXBuildFile; fileRef = 18C3B4491F27C346003A327A /* WordBreak.swift */; };
		18C3B44C1F27F19B003A327A /* NumberOfIslands.swift in Sources */ = {isa = PBXBuildFile; fileRef = 18C3B44B1F27F19B003A327A /* NumberOfIslands.swift */; };
		18C3B44E1F27FE98003A327A /* FindAllAnagrams.swift in Sources */ = {isa = PBXBuildFile; fileRef = 18C3B44D1F27FE98003A327A /* FindAllAnagrams.swift */; };
		18C3B4501F283F53003A327A /* ProductOfArrayExeceptSelf.swift in Sources */ = {isa = PBXBuildFile; fileRef = 18C3B44F1F283F53003A327A /* ProductOfArrayExeceptSelf.swift */; };
		18C3B4521F284C22003A327A /* SlidingWindowMaximum.swift in Sources */ = {isa = PBXBuildFile; fileRef = 18C3B4511F284C22003A327A /* SlidingWindowMaximum.swift */; };
		18C3B4541F2861F2003A327A /* ReverseLinkedList.swift in Sources */ = {isa = PBXBuildFile; fileRef = 18C3B4531F2861F2003A327A /* ReverseLinkedList.swift */; };
		18C3B4561F28739E003A327A /* FirstUniqueCharacterInAString.swift in Sources */ = {isa = PBXBuildFile; fileRef = 18C3B4551F28739E003A327A /* FirstUniqueCharacterInAString.swift */; };
		18C3B4581F287B40003A327A /* SearchA2DMatrix.swift in Sources */ = {isa = PBXBuildFile; fileRef = 18C3B4571F287B40003A327A /* SearchA2DMatrix.swift */; };
		18C3B45A1F291AC7003A327A /* SearchA2DMatrix2.swift in Sources */ = {isa = PBXBuildFile; fileRef = 18C3B4591F291AC7003A327A /* SearchA2DMatrix2.swift */; };
		18C3B45C1F292436003A327A /* VaildAnagram.swift in Sources */ = {isa = PBXBuildFile; fileRef = 18C3B45B1F292436003A327A /* VaildAnagram.swift */; };
		18C3B45E1F294468003A327A /* KthLargestElementInAnArray.swift in Sources */ = {isa = PBXBuildFile; fileRef = 18C3B45D1F294468003A327A /* KthLargestElementInAnArray.swift */; };
		18C3B4601F29ADD3003A327A /* TwoSumInputArraySorted.swift in Sources */ = {isa = PBXBuildFile; fileRef = 18C3B45F1F29ADD3003A327A /* TwoSumInputArraySorted.swift */; };
		18C3B4641F29B38E003A327A /* CountPrimes.swift in Sources */ = {isa = PBXBuildFile; fileRef = 18C3B4631F29B38E003A327A /* CountPrimes.swift */; };
		18C3B4661F2A409C003A327A /* ThirdMaximumNumber.swift in Sources */ = {isa = PBXBuildFile; fileRef = 18C3B4651F2A409B003A327A /* ThirdMaximumNumber.swift */; };
		18C3B4681F2B9817003A327A /* BinaryTreeRightSideView.swift in Sources */ = {isa = PBXBuildFile; fileRef = 18C3B4671F2B9817003A327A /* BinaryTreeRightSideView.swift */; };
		18C3B46A1F2BB161003A327A /* LongestPalidromicSubsequence.swift in Sources */ = {isa = PBXBuildFile; fileRef = 18C3B4691F2BB161003A327A /* LongestPalidromicSubsequence.swift */; };
		18C3B46D1F2C50FE003A327A /* RotateFunction.swift in Sources */ = {isa = PBXBuildFile; fileRef = 18C3B46C1F2C50FE003A327A /* RotateFunction.swift */; };
		18C3B46F1F2CEEF2003A327A /* KdiffPairsInAnArray.swift in Sources */ = {isa = PBXBuildFile; fileRef = 18C3B46E1F2CEEF2003A327A /* KdiffPairsInAnArray.swift */; };
		18C3B4711F2D1AFB003A327A /* Minesweeper.swift in Sources */ = {isa = PBXBuildFile; fileRef = 18C3B4701F2D1AFB003A327A /* Minesweeper.swift */; };
		18C3B4741F2DA52B003A327A /* ComplexNumberMultiplication.swift in Sources */ = {isa = PBXBuildFile; fileRef = 18C3B4731F2DA52B003A327A /* ComplexNumberMultiplication.swift */; };
		18C3B4761F2DC5AD003A327A /* ConvertBSTToGreaterTree.swift in Sources */ = {isa = PBXBuildFile; fileRef = 18C3B4751F2DC5AD003A327A /* ConvertBSTToGreaterTree.swift */; };
		18C3B4781F2E46E5003A327A /* MostFrequentSubtreeSum.swift in Sources */ = {isa = PBXBuildFile; fileRef = 18C3B4771F2E46E5003A327A /* MostFrequentSubtreeSum.swift */; };
		18C3B47A1F2E6361003A327A /* SuperWashingMachines.swift in Sources */ = {isa = PBXBuildFile; fileRef = 18C3B4791F2E6361003A327A /* SuperWashingMachines.swift */; };
		18C3B47C1F2E69CD003A327A /* OptimalDivision.swift in Sources */ = {isa = PBXBuildFile; fileRef = 18C3B47B1F2E69CD003A327A /* OptimalDivision.swift */; };
		18C3B47E1F2E8EB0003A327A /* RepeatedSubstringPattern.swift in Sources */ = {isa = PBXBuildFile; fileRef = 18C3B47D1F2E8EB0003A327A /* RepeatedSubstringPattern.swift */; };
		18C3B4801F2E9856003A327A /* SortCharactersByFrequency.swift in Sources */ = {isa = PBXBuildFile; fileRef = 18C3B47F1F2E9856003A327A /* SortCharactersByFrequency.swift */; };
		18C3B4841F2EA9EE003A327A /* ConstructStringFromBinaryTree.swift in Sources */ = {isa = PBXBuildFile; fileRef = 18C3B4831F2EA9EE003A327A /* ConstructStringFromBinaryTree.swift */; };
		18C3B4861F2EB30D003A327A /* SolveTheEquation.swift in Sources */ = {isa = PBXBuildFile; fileRef = 18C3B4851F2EB30D003A327A /* SolveTheEquation.swift */; };
		18CB75A820054942000E8549 /* Dungeon.swift in Sources */ = {isa = PBXBuildFile; fileRef = 18CB75A720054942000E8549 /* Dungeon.swift */; };
/* End PBXBuildFile section */

/* Begin PBXFileReference section */
		180794D22038CD66004D3003 /* 771_JewelsAndStones.swift */ = {isa = PBXFileReference; lastKnownFileType = sourcecode.swift; path = 771_JewelsAndStones.swift; sourceTree = "<group>"; };
		180794D520391B14004D3003 /* 657_JudgeRouteCircle.swift */ = {isa = PBXFileReference; lastKnownFileType = sourcecode.swift; path = 657_JudgeRouteCircle.swift; sourceTree = "<group>"; };
		180794D7203962AF004D3003 /* 617_MergeTwoBinaryTrees.swift */ = {isa = PBXFileReference; lastKnownFileType = sourcecode.swift; path = 617_MergeTwoBinaryTrees.swift; sourceTree = "<group>"; };
		180794DA2039650F004D3003 /* Queue.swift */ = {isa = PBXFileReference; lastKnownFileType = sourcecode.swift; path = Queue.swift; sourceTree = "<group>"; };
		180794DC20396DC0004D3003 /* 637_AverageOfLevelsInBinaryTree.swift */ = {isa = PBXFileReference; lastKnownFileType = sourcecode.swift; path = 637_AverageOfLevelsInBinaryTree.swift; sourceTree = "<group>"; };
		18C3B3D01F232113003A327A /* LeetCodeSolution.app */ = {isa = PBXFileReference; explicitFileType = wrapper.application; includeInIndex = 0; path = LeetCodeSolution.app; sourceTree = BUILT_PRODUCTS_DIR; };
		18C3B3D31F232113003A327A /* AppDelegate.swift */ = {isa = PBXFileReference; lastKnownFileType = sourcecode.swift; path = AppDelegate.swift; sourceTree = "<group>"; };
		18C3B3D51F232113003A327A /* ViewController.swift */ = {isa = PBXFileReference; lastKnownFileType = sourcecode.swift; path = ViewController.swift; sourceTree = "<group>"; };
		18C3B3D81F232113003A327A /* Base */ = {isa = PBXFileReference; lastKnownFileType = file.storyboard; name = Base; path = Base.lproj/Main.storyboard; sourceTree = "<group>"; };
		18C3B3DB1F232113003A327A /* LeetCodeSolution.xcdatamodel */ = {isa = PBXFileReference; lastKnownFileType = wrapper.xcdatamodel; path = LeetCodeSolution.xcdatamodel; sourceTree = "<group>"; };
		18C3B3DD1F232113003A327A /* Assets.xcassets */ = {isa = PBXFileReference; lastKnownFileType = folder.assetcatalog; path = Assets.xcassets; sourceTree = "<group>"; };
		18C3B3E01F232113003A327A /* Base */ = {isa = PBXFileReference; lastKnownFileType = file.storyboard; name = Base; path = Base.lproj/LaunchScreen.storyboard; sourceTree = "<group>"; };
		18C3B3E21F232113003A327A /* Info.plist */ = {isa = PBXFileReference; lastKnownFileType = text.plist.xml; path = Info.plist; sourceTree = "<group>"; };
		18C3B3E91F232223003A327A /* LongestPalindromicSubstring.swift */ = {isa = PBXFileReference; fileEncoding = 4; lastKnownFileType = sourcecode.swift; path = LongestPalindromicSubstring.swift; sourceTree = "<group>"; };
		18C3B3EA1F232223003A327A /* 2Sum.swift */ = {isa = PBXFileReference; fileEncoding = 4; lastKnownFileType = sourcecode.swift; path = 2Sum.swift; sourceTree = "<group>"; };
		18C3B3EB1F232223003A327A /* 3Sum.swift */ = {isa = PBXFileReference; fileEncoding = 4; lastKnownFileType = sourcecode.swift; path = 3Sum.swift; sourceTree = "<group>"; };
		18C3B3EC1F232223003A327A /* LengthOfLongestSubstring.swift */ = {isa = PBXFileReference; fileEncoding = 4; lastKnownFileType = sourcecode.swift; path = LengthOfLongestSubstring.swift; sourceTree = "<group>"; };
		18C3B3ED1F232223003A327A /* AddTwoNumber.swift */ = {isa = PBXFileReference; fileEncoding = 4; lastKnownFileType = sourcecode.swift; path = AddTwoNumber.swift; sourceTree = "<group>"; };
		18C3B3EE1F232223003A327A /* StringToInteger.swift */ = {isa = PBXFileReference; fileEncoding = 4; lastKnownFileType = sourcecode.swift; path = StringToInteger.swift; sourceTree = "<group>"; };
		18C3B3EF1F232223003A327A /* LetterCombinationsOfAPhoneNumbe.swift */ = {isa = PBXFileReference; fileEncoding = 4; lastKnownFileType = sourcecode.swift; path = LetterCombinationsOfAPhoneNumbe.swift; sourceTree = "<group>"; };
		18C3B3F01F232223003A327A /* ValidParatheses.swift */ = {isa = PBXFileReference; fileEncoding = 4; lastKnownFileType = sourcecode.swift; path = ValidParatheses.swift; sourceTree = "<group>"; };
		18C3B3F91F23B093003A327A /* MergeTwoSortedLists.swift */ = {isa = PBXFileReference; fileEncoding = 4; lastKnownFileType = sourcecode.swift; path = MergeTwoSortedLists.swift; sourceTree = "<group>"; };
		18C3B40A1F247E93003A327A /* MergeKSortedLists.swift */ = {isa = PBXFileReference; fileEncoding = 4; lastKnownFileType = sourcecode.swift; path = MergeKSortedLists.swift; sourceTree = "<group>"; };
		18C3B40C1F24810C003A327A /* Heap.swift */ = {isa = PBXFileReference; fileEncoding = 4; lastKnownFileType = sourcecode.swift; path = Heap.swift; sourceTree = "<group>"; };
		18C3B40D1F24810C003A327A /* ListNode.swift */ = {isa = PBXFileReference; fileEncoding = 4; lastKnownFileType = sourcecode.swift; path = ListNode.swift; sourceTree = "<group>"; };
		18C3B4311F250F0E003A327A /* TrappingRainWater.swift */ = {isa = PBXFileReference; fileEncoding = 4; lastKnownFileType = sourcecode.swift; path = TrappingRainWater.swift; sourceTree = "<group>"; };
		18C3B4331F255C0F003A327A /* RotateImage.swift */ = {isa = PBXFileReference; fileEncoding = 4; lastKnownFileType = sourcecode.swift; path = RotateImage.swift; sourceTree = "<group>"; };
		18C3B4351F2568F1003A327A /* GroupAnagrams.swift */ = {isa = PBXFileReference; fileEncoding = 4; lastKnownFileType = sourcecode.swift; path = GroupAnagrams.swift; sourceTree = "<group>"; };
		18C3B4371F25796C003A327A /* SetMatrixZeros.swift */ = {isa = PBXFileReference; fileEncoding = 4; lastKnownFileType = sourcecode.swift; path = SetMatrixZeros.swift; sourceTree = "<group>"; };
		18C3B4391F2580B5003A327A /* Subsets.swift */ = {isa = PBXFileReference; fileEncoding = 4; lastKnownFileType = sourcecode.swift; path = Subsets.swift; sourceTree = "<group>"; };
		18C3B43B1F25BAE1003A327A /* ValidateBinarySearchTree.swift */ = {isa = PBXFileReference; fileEncoding = 4; lastKnownFileType = sourcecode.swift; path = ValidateBinarySearchTree.swift; sourceTree = "<group>"; };
		18C3B43D1F25BB0B003A327A /* BinaryTreeNode.swift */ = {isa = PBXFileReference; fileEncoding = 4; lastKnownFileType = sourcecode.swift; path = BinaryTreeNode.swift; sourceTree = "<group>"; };
		18C3B43F1F25D92E003A327A /* PascalsTriangle.swift */ = {isa = PBXFileReference; fileEncoding = 4; lastKnownFileType = sourcecode.swift; path = PascalsTriangle.swift; sourceTree = "<group>"; };
		18C3B4411F26556A003A327A /* SubmissionDetails.swift */ = {isa = PBXFileReference; fileEncoding = 4; lastKnownFileType = sourcecode.swift; path = SubmissionDetails.swift; sourceTree = "<group>"; };
		18C3B4431F266FC0003A327A /* BestTimeToBuyAndSellStock.swift */ = {isa = PBXFileReference; fileEncoding = 4; lastKnownFileType = sourcecode.swift; path = BestTimeToBuyAndSellStock.swift; sourceTree = "<group>"; };
		18C3B4451F267FBC003A327A /* wordLadder.swift */ = {isa = PBXFileReference; fileEncoding = 4; lastKnownFileType = sourcecode.swift; path = wordLadder.swift; sourceTree = "<group>"; };
		18C3B4471F270865003A327A /* WordLadder2.swift */ = {isa = PBXFileReference; fileEncoding = 4; lastKnownFileType = sourcecode.swift; path = WordLadder2.swift; sourceTree = "<group>"; };
		18C3B4491F27C346003A327A /* WordBreak.swift */ = {isa = PBXFileReference; fileEncoding = 4; lastKnownFileType = sourcecode.swift; path = WordBreak.swift; sourceTree = "<group>"; };
		18C3B44B1F27F19B003A327A /* NumberOfIslands.swift */ = {isa = PBXFileReference; fileEncoding = 4; lastKnownFileType = sourcecode.swift; path = NumberOfIslands.swift; sourceTree = "<group>"; };
		18C3B44D1F27FE98003A327A /* FindAllAnagrams.swift */ = {isa = PBXFileReference; fileEncoding = 4; lastKnownFileType = sourcecode.swift; path = FindAllAnagrams.swift; sourceTree = "<group>"; };
		18C3B44F1F283F53003A327A /* ProductOfArrayExeceptSelf.swift */ = {isa = PBXFileReference; fileEncoding = 4; lastKnownFileType = sourcecode.swift; path = ProductOfArrayExeceptSelf.swift; sourceTree = "<group>"; };
		18C3B4511F284C22003A327A /* SlidingWindowMaximum.swift */ = {isa = PBXFileReference; fileEncoding = 4; lastKnownFileType = sourcecode.swift; path = SlidingWindowMaximum.swift; sourceTree = "<group>"; };
		18C3B4531F2861F2003A327A /* ReverseLinkedList.swift */ = {isa = PBXFileReference; fileEncoding = 4; lastKnownFileType = sourcecode.swift; path = ReverseLinkedList.swift; sourceTree = "<group>"; };
		18C3B4551F28739E003A327A /* FirstUniqueCharacterInAString.swift */ = {isa = PBXFileReference; fileEncoding = 4; lastKnownFileType = sourcecode.swift; path = FirstUniqueCharacterInAString.swift; sourceTree = "<group>"; };
		18C3B4571F287B40003A327A /* SearchA2DMatrix.swift */ = {isa = PBXFileReference; fileEncoding = 4; lastKnownFileType = sourcecode.swift; path = SearchA2DMatrix.swift; sourceTree = "<group>"; };
		18C3B4591F291AC7003A327A /* SearchA2DMatrix2.swift */ = {isa = PBXFileReference; fileEncoding = 4; lastKnownFileType = sourcecode.swift; path = SearchA2DMatrix2.swift; sourceTree = "<group>"; };
		18C3B45B1F292436003A327A /* VaildAnagram.swift */ = {isa = PBXFileReference; fileEncoding = 4; lastKnownFileType = sourcecode.swift; path = VaildAnagram.swift; sourceTree = "<group>"; };
		18C3B45D1F294468003A327A /* KthLargestElementInAnArray.swift */ = {isa = PBXFileReference; fileEncoding = 4; lastKnownFileType = sourcecode.swift; path = KthLargestElementInAnArray.swift; sourceTree = "<group>"; };
		18C3B45F1F29ADD3003A327A /* TwoSumInputArraySorted.swift */ = {isa = PBXFileReference; fileEncoding = 4; lastKnownFileType = sourcecode.swift; path = TwoSumInputArraySorted.swift; sourceTree = "<group>"; };
		18C3B4631F29B38E003A327A /* CountPrimes.swift */ = {isa = PBXFileReference; fileEncoding = 4; lastKnownFileType = sourcecode.swift; path = CountPrimes.swift; sourceTree = "<group>"; };
		18C3B4651F2A409B003A327A /* ThirdMaximumNumber.swift */ = {isa = PBXFileReference; fileEncoding = 4; lastKnownFileType = sourcecode.swift; path = ThirdMaximumNumber.swift; sourceTree = "<group>"; };
		18C3B4671F2B9817003A327A /* BinaryTreeRightSideView.swift */ = {isa = PBXFileReference; fileEncoding = 4; lastKnownFileType = sourcecode.swift; path = BinaryTreeRightSideView.swift; sourceTree = "<group>"; };
		18C3B4691F2BB161003A327A /* LongestPalidromicSubsequence.swift */ = {isa = PBXFileReference; fileEncoding = 4; lastKnownFileType = sourcecode.swift; path = LongestPalidromicSubsequence.swift; sourceTree = "<group>"; };
		18C3B46C1F2C50FE003A327A /* RotateFunction.swift */ = {isa = PBXFileReference; fileEncoding = 4; lastKnownFileType = sourcecode.swift; path = RotateFunction.swift; sourceTree = "<group>"; };
		18C3B46E1F2CEEF2003A327A /* KdiffPairsInAnArray.swift */ = {isa = PBXFileReference; fileEncoding = 4; lastKnownFileType = sourcecode.swift; path = KdiffPairsInAnArray.swift; sourceTree = "<group>"; };
		18C3B4701F2D1AFB003A327A /* Minesweeper.swift */ = {isa = PBXFileReference; fileEncoding = 4; lastKnownFileType = sourcecode.swift; path = Minesweeper.swift; sourceTree = "<group>"; };
		18C3B4731F2DA52B003A327A /* ComplexNumberMultiplication.swift */ = {isa = PBXFileReference; fileEncoding = 4; lastKnownFileType = sourcecode.swift; path = ComplexNumberMultiplication.swift; sourceTree = "<group>"; };
		18C3B4751F2DC5AD003A327A /* ConvertBSTToGreaterTree.swift */ = {isa = PBXFileReference; fileEncoding = 4; lastKnownFileType = sourcecode.swift; path = ConvertBSTToGreaterTree.swift; sourceTree = "<group>"; };
		18C3B4771F2E46E5003A327A /* MostFrequentSubtreeSum.swift */ = {isa = PBXFileReference; fileEncoding = 4; lastKnownFileType = sourcecode.swift; path = MostFrequentSubtreeSum.swift; sourceTree = "<group>"; };
		18C3B4791F2E6361003A327A /* SuperWashingMachines.swift */ = {isa = PBXFileReference; fileEncoding = 4; lastKnownFileType = sourcecode.swift; path = SuperWashingMachines.swift; sourceTree = "<group>"; };
		18C3B47B1F2E69CD003A327A /* OptimalDivision.swift */ = {isa = PBXFileReference; fileEncoding = 4; lastKnownFileType = sourcecode.swift; path = OptimalDivision.swift; sourceTree = "<group>"; };
		18C3B47D1F2E8EB0003A327A /* RepeatedSubstringPattern.swift */ = {isa = PBXFileReference; fileEncoding = 4; lastKnownFileType = sourcecode.swift; path = RepeatedSubstringPattern.swift; sourceTree = "<group>"; };
		18C3B47F1F2E9856003A327A /* SortCharactersByFrequency.swift */ = {isa = PBXFileReference; fileEncoding = 4; lastKnownFileType = sourcecode.swift; path = SortCharactersByFrequency.swift; sourceTree = "<group>"; };
		18C3B4831F2EA9EE003A327A /* ConstructStringFromBinaryTree.swift */ = {isa = PBXFileReference; fileEncoding = 4; lastKnownFileType = sourcecode.swift; path = ConstructStringFromBinaryTree.swift; sourceTree = "<group>"; };
		18C3B4851F2EB30D003A327A /* SolveTheEquation.swift */ = {isa = PBXFileReference; fileEncoding = 4; lastKnownFileType = sourcecode.swift; path = SolveTheEquation.swift; sourceTree = "<group>"; };
		18CB75A720054942000E8549 /* Dungeon.swift */ = {isa = PBXFileReference; lastKnownFileType = sourcecode.swift; path = Dungeon.swift; sourceTree = "<group>"; };
/* End PBXFileReference section */

/* Begin PBXFrameworksBuildPhase section */
		18C3B3CD1F232113003A327A /* Frameworks */ = {
			isa = PBXFrameworksBuildPhase;
			buildActionMask = 2147483647;
			files = (
			);
			runOnlyForDeploymentPostprocessing = 0;
		};
/* End PBXFrameworksBuildPhase section */

/* Begin PBXGroup section */
		180794D42038CDC4004D3003 /* HashTable */ = {
			isa = PBXGroup;
			children = (
				180794D22038CD66004D3003 /* 771_JewelsAndStones.swift */,
			);
			name = HashTable;
			sourceTree = "<group>";
		};
		180794D920396357004D3003 /* Tree */ = {
			isa = PBXGroup;
			children = (
				180794D7203962AF004D3003 /* 617_MergeTwoBinaryTrees.swift */,
				180794DC20396DC0004D3003 /* 637_AverageOfLevelsInBinaryTree.swift */,
			);
			path = Tree;
			sourceTree = "<group>";
		};
		18C3B3C71F232113003A327A = {
			isa = PBXGroup;
			children = (
				180794D520391B14004D3003 /* 657_JudgeRouteCircle.swift */,
				18C3B3D21F232113003A327A /* LeetCodeSolution */,
				18C3B3D11F232113003A327A /* Products */,
			);
			sourceTree = "<group>";
		};
		18C3B3D11F232113003A327A /* Products */ = {
			isa = PBXGroup;
			children = (
				18C3B3D01F232113003A327A /* LeetCodeSolution.app */,
			);
			name = Products;
			sourceTree = "<group>";
		};
		18C3B3D21F232113003A327A /* LeetCodeSolution */ = {
			isa = PBXGroup;
			children = (
				180794D920396357004D3003 /* Tree */,
				180794D42038CDC4004D3003 /* HashTable */,
				18C3B4011F243ED2003A327A /* Data Structure */,
				18C3B3E81F23212D003A327A /* Supporting Files */,
				18C3B3E91F232223003A327A /* LongestPalindromicSubstring.swift */,
				18C3B3EA1F232223003A327A /* 2Sum.swift */,
				18C3B3EB1F232223003A327A /* 3Sum.swift */,
				18C3B3EC1F232223003A327A /* LengthOfLongestSubstring.swift */,
				18C3B3ED1F232223003A327A /* AddTwoNumber.swift */,
				18C3B3EE1F232223003A327A /* StringToInteger.swift */,
				18C3B3EF1F232223003A327A /* LetterCombinationsOfAPhoneNumbe.swift */,
				18C3B3F01F232223003A327A /* ValidParatheses.swift */,
				18C3B3F91F23B093003A327A /* MergeTwoSortedLists.swift */,
				18C3B40A1F247E93003A327A /* MergeKSortedLists.swift */,
				18C3B4311F250F0E003A327A /* TrappingRainWater.swift */,
				18C3B4331F255C0F003A327A /* RotateImage.swift */,
				18C3B4351F2568F1003A327A /* GroupAnagrams.swift */,
				18C3B4371F25796C003A327A /* SetMatrixZeros.swift */,
				18C3B4391F2580B5003A327A /* Subsets.swift */,
				18C3B43B1F25BAE1003A327A /* ValidateBinarySearchTree.swift */,
				18C3B43F1F25D92E003A327A /* PascalsTriangle.swift */,
				18C3B4411F26556A003A327A /* SubmissionDetails.swift */,
				18C3B4431F266FC0003A327A /* BestTimeToBuyAndSellStock.swift */,
				18C3B4451F267FBC003A327A /* wordLadder.swift */,
				18C3B4471F270865003A327A /* WordLadder2.swift */,
				18C3B4491F27C346003A327A /* WordBreak.swift */,
				18C3B44B1F27F19B003A327A /* NumberOfIslands.swift */,
				18C3B44D1F27FE98003A327A /* FindAllAnagrams.swift */,
				18C3B44F1F283F53003A327A /* ProductOfArrayExeceptSelf.swift */,
				18C3B4511F284C22003A327A /* SlidingWindowMaximum.swift */,
				18C3B4531F2861F2003A327A /* ReverseLinkedList.swift */,
				18C3B4551F28739E003A327A /* FirstUniqueCharacterInAString.swift */,
				18C3B4571F287B40003A327A /* SearchA2DMatrix.swift */,
				18C3B4591F291AC7003A327A /* SearchA2DMatrix2.swift */,
				18C3B45B1F292436003A327A /* VaildAnagram.swift */,
				18C3B45D1F294468003A327A /* KthLargestElementInAnArray.swift */,
				18C3B45F1F29ADD3003A327A /* TwoSumInputArraySorted.swift */,
				18C3B4631F29B38E003A327A /* CountPrimes.swift */,
				18C3B4651F2A409B003A327A /* ThirdMaximumNumber.swift */,
				18C3B4671F2B9817003A327A /* BinaryTreeRightSideView.swift */,
				18C3B4691F2BB161003A327A /* LongestPalidromicSubsequence.swift */,
				18C3B46C1F2C50FE003A327A /* RotateFunction.swift */,
				18C3B46E1F2CEEF2003A327A /* KdiffPairsInAnArray.swift */,
				18C3B4701F2D1AFB003A327A /* Minesweeper.swift */,
				18C3B4731F2DA52B003A327A /* ComplexNumberMultiplication.swift */,
				18C3B4751F2DC5AD003A327A /* ConvertBSTToGreaterTree.swift */,
				18C3B4771F2E46E5003A327A /* MostFrequentSubtreeSum.swift */,
				18C3B4791F2E6361003A327A /* SuperWashingMachines.swift */,
				18C3B47B1F2E69CD003A327A /* OptimalDivision.swift */,
				18C3B47D1F2E8EB0003A327A /* RepeatedSubstringPattern.swift */,
				18C3B47F1F2E9856003A327A /* SortCharactersByFrequency.swift */,
				18C3B4831F2EA9EE003A327A /* ConstructStringFromBinaryTree.swift */,
				18C3B4851F2EB30D003A327A /* SolveTheEquation.swift */,
			);
			path = LeetCodeSolution;
			sourceTree = "<group>";
		};
		18C3B3E81F23212D003A327A /* Supporting Files */ = {
			isa = PBXGroup;
			children = (
				18C3B3D51F232113003A327A /* ViewController.swift */,
				18C3B3D31F232113003A327A /* AppDelegate.swift */,
				18C3B3D71F232113003A327A /* Main.storyboard */,
				18C3B3DD1F232113003A327A /* Assets.xcassets */,
				18C3B3DF1F232113003A327A /* LaunchScreen.storyboard */,
				18C3B3E21F232113003A327A /* Info.plist */,
				18C3B3DA1F232113003A327A /* LeetCodeSolution.xcdatamodeld */,
				18CB75A720054942000E8549 /* Dungeon.swift */,
			);
			name = "Supporting Files";
			sourceTree = "<group>";
		};
		18C3B4011F243ED2003A327A /* Data Structure */ = {
			isa = PBXGroup;
			children = (
				18C3B40C1F24810C003A327A /* Heap.swift */,
				18C3B40D1F24810C003A327A /* ListNode.swift */,
				18C3B43D1F25BB0B003A327A /* BinaryTreeNode.swift */,
				180794DA2039650F004D3003 /* Queue.swift */,
			);
			name = "Data Structure";
			sourceTree = "<group>";
		};
/* End PBXGroup section */

/* Begin PBXNativeTarget section */
		18C3B3CF1F232113003A327A /* LeetCodeSolution */ = {
			isa = PBXNativeTarget;
			buildConfigurationList = 18C3B3E51F232113003A327A /* Build configuration list for PBXNativeTarget "LeetCodeSolution" */;
			buildPhases = (
				18C3B3CC1F232113003A327A /* Sources */,
				18C3B3CD1F232113003A327A /* Frameworks */,
				18C3B3CE1F232113003A327A /* Resources */,
			);
			buildRules = (
			);
			dependencies = (
			);
			name = LeetCodeSolution;
			productName = LeetCodeSolution;
			productReference = 18C3B3D01F232113003A327A /* LeetCodeSolution.app */;
			productType = "com.apple.product-type.application";
		};
/* End PBXNativeTarget section */

/* Begin PBXProject section */
		18C3B3C81F232113003A327A /* Project object */ = {
			isa = PBXProject;
			attributes = {
				LastSwiftUpdateCheck = 0830;
				LastUpgradeCheck = 0830;
				ORGANIZATIONNAME = greatwall;
				TargetAttributes = {
					18C3B3CF1F232113003A327A = {
						CreatedOnToolsVersion = 8.3.2;
						DevelopmentTeam = W2MFT9HK9F;
						ProvisioningStyle = Automatic;
					};
				};
			};
			buildConfigurationList = 18C3B3CB1F232113003A327A /* Build configuration list for PBXProject "LeetCodeSolution" */;
			compatibilityVersion = "Xcode 3.2";
			developmentRegion = English;
			hasScannedForEncodings = 0;
			knownRegions = (
				en,
				Base,
			);
			mainGroup = 18C3B3C71F232113003A327A;
			productRefGroup = 18C3B3D11F232113003A327A /* Products */;
			projectDirPath = "";
			projectRoot = "";
			targets = (
				18C3B3CF1F232113003A327A /* LeetCodeSolution */,
			);
		};
/* End PBXProject section */

/* Begin PBXResourcesBuildPhase section */
		18C3B3CE1F232113003A327A /* Resources */ = {
			isa = PBXResourcesBuildPhase;
			buildActionMask = 2147483647;
			files = (
				18C3B3E11F232113003A327A /* LaunchScreen.storyboard in Resources */,
				18C3B3DE1F232113003A327A /* Assets.xcassets in Resources */,
				18C3B3D91F232113003A327A /* Main.storyboard in Resources */,
			);
			runOnlyForDeploymentPostprocessing = 0;
		};
/* End PBXResourcesBuildPhase section */

/* Begin PBXSourcesBuildPhase section */
		18C3B3CC1F232113003A327A /* Sources */ = {
			isa = PBXSourcesBuildPhase;
			buildActionMask = 2147483647;
			files = (
				18C3B3F21F232223003A327A /* 2Sum.swift in Sources */,
				18C3B47C1F2E69CD003A327A /* OptimalDivision.swift in Sources */,
				18C3B43A1F2580B5003A327A /* Subsets.swift in Sources */,
				18C3B4781F2E46E5003A327A /* MostFrequentSubtreeSum.swift in Sources */,
				18C3B43E1F25BB0B003A327A /* BinaryTreeNode.swift in Sources */,
				18C3B3F51F232223003A327A /* AddTwoNumber.swift in Sources */,
				18C3B4381F25796C003A327A /* SetMatrixZeros.swift in Sources */,
				18C3B4741F2DA52B003A327A /* ComplexNumberMultiplication.swift in Sources */,
				18C3B4601F29ADD3003A327A /* TwoSumInputArraySorted.swift in Sources */,
				180794D620391B14004D3003 /* 657_JudgeRouteCircle.swift in Sources */,
				18C3B4861F2EB30D003A327A /* SolveTheEquation.swift in Sources */,
				18C3B4341F255C0F003A327A /* RotateImage.swift in Sources */,
				18C3B3DC1F232113003A327A /* LeetCodeSolution.xcdatamodeld in Sources */,
				18C3B3F71F232223003A327A /* LetterCombinationsOfAPhoneNumbe.swift in Sources */,
				18C3B43C1F25BAE1003A327A /* ValidateBinarySearchTree.swift in Sources */,
				18C3B45A1F291AC7003A327A /* SearchA2DMatrix2.swift in Sources */,
				18C3B4841F2EA9EE003A327A /* ConstructStringFromBinaryTree.swift in Sources */,
				18C3B4321F250F0E003A327A /* TrappingRainWater.swift in Sources */,
				18C3B44C1F27F19B003A327A /* NumberOfIslands.swift in Sources */,
				18C3B45E1F294468003A327A /* KthLargestElementInAnArray.swift in Sources */,
				180794D32038CD66004D3003 /* 771_JewelsAndStones.swift in Sources */,
				18C3B4501F283F53003A327A /* ProductOfArrayExeceptSelf.swift in Sources */,
				18C3B4801F2E9856003A327A /* SortCharactersByFrequency.swift in Sources */,
				18C3B3F11F232223003A327A /* LongestPalindromicSubstring.swift in Sources */,
				18C3B3D61F232113003A327A /* ViewController.swift in Sources */,
				180794DD20396DC0004D3003 /* 637_AverageOfLevelsInBinaryTree.swift in Sources */,
				18C3B4481F270865003A327A /* WordLadder2.swift in Sources */,
				18C3B4421F26556A003A327A /* SubmissionDetails.swift in Sources */,
				18CB75A820054942000E8549 /* Dungeon.swift in Sources */,
				18C3B4681F2B9817003A327A /* BinaryTreeRightSideView.swift in Sources */,
				18C3B40E1F24810C003A327A /* Heap.swift in Sources */,
				18C3B47A1F2E6361003A327A /* SuperWashingMachines.swift in Sources */,
				18C3B3D41F232113003A327A /* AppDelegate.swift in Sources */,
				18C3B4541F2861F2003A327A /* ReverseLinkedList.swift in Sources */,
				18C3B3F41F232223003A327A /* LengthOfLongestSubstring.swift in Sources */,
				18C3B4441F266FC0003A327A /* BestTimeToBuyAndSellStock.swift in Sources */,
				18C3B3F61F232223003A327A /* StringToInteger.swift in Sources */,
				18C3B47E1F2E8EB0003A327A /* RepeatedSubstringPattern.swift in Sources */,
				18C3B4521F284C22003A327A /* SlidingWindowMaximum.swift in Sources */,
				180794D8203962AF004D3003 /* 617_MergeTwoBinaryTrees.swift in Sources */,
				18C3B44A1F27C346003A327A /* WordBreak.swift in Sources */,
				18C3B4661F2A409C003A327A /* ThirdMaximumNumber.swift in Sources */,
				18C3B40F1F24810C003A327A /* ListNode.swift in Sources */,
				18C3B3F31F232223003A327A /* 3Sum.swift in Sources */,
				18C3B4401F25D92E003A327A /* PascalsTriangle.swift in Sources */,
				18C3B4461F267FBC003A327A /* wordLadder.swift in Sources */,
				18C3B45C1F292436003A327A /* VaildAnagram.swift in Sources */,
				18C3B3FA1F23B093003A327A /* MergeTwoSortedLists.swift in Sources */,
				18C3B46F1F2CEEF2003A327A /* KdiffPairsInAnArray.swift in Sources */,
				18C3B46A1F2BB161003A327A /* LongestPalidromicSubsequence.swift in Sources */,
				18C3B46D1F2C50FE003A327A /* RotateFunction.swift in Sources */,
				18C3B4711F2D1AFB003A327A /* Minesweeper.swift in Sources */,
				18C3B40B1F247E93003A327A /* MergeKSortedLists.swift in Sources */,
				18C3B4581F287B40003A327A /* SearchA2DMatrix.swift in Sources */,
				18C3B3F81F232223003A327A /* ValidParatheses.swift in Sources */,
				18C3B4561F28739E003A327A /* FirstUniqueCharacterInAString.swift in Sources */,
				180794DB2039650F004D3003 /* Queue.swift in Sources */,
				18C3B4641F29B38E003A327A /* CountPrimes.swift in Sources */,
				18C3B44E1F27FE98003A327A /* FindAllAnagrams.swift in Sources */,
				18C3B4361F2568F1003A327A /* GroupAnagrams.swift in Sources */,
				18C3B4761F2DC5AD003A327A /* ConvertBSTToGreaterTree.swift in Sources */,
			);
			runOnlyForDeploymentPostprocessing = 0;
		};
/* End PBXSourcesBuildPhase section */

/* Begin PBXVariantGroup section */
		18C3B3D71F232113003A327A /* Main.storyboard */ = {
			isa = PBXVariantGroup;
			children = (
				18C3B3D81F232113003A327A /* Base */,
			);
			name = Main.storyboard;
			sourceTree = "<group>";
		};
		18C3B3DF1F232113003A327A /* LaunchScreen.storyboard */ = {
			isa = PBXVariantGroup;
			children = (
				18C3B3E01F232113003A327A /* Base */,
			);
			name = LaunchScreen.storyboard;
			sourceTree = "<group>";
		};
/* End PBXVariantGroup section */

/* Begin XCBuildConfiguration section */
		18C3B3E31F232113003A327A /* Debug */ = {
			isa = XCBuildConfiguration;
			buildSettings = {
				ALWAYS_SEARCH_USER_PATHS = NO;
				CLANG_ANALYZER_NONNULL = YES;
				CLANG_ANALYZER_NUMBER_OBJECT_CONVERSION = YES_AGGRESSIVE;
				CLANG_CXX_LANGUAGE_STANDARD = "gnu++0x";
				CLANG_CXX_LIBRARY = "libc++";
				CLANG_ENABLE_MODULES = YES;
				CLANG_ENABLE_OBJC_ARC = YES;
				CLANG_WARN_BOOL_CONVERSION = YES;
				CLANG_WARN_CONSTANT_CONVERSION = YES;
				CLANG_WARN_DIRECT_OBJC_ISA_USAGE = YES_ERROR;
				CLANG_WARN_DOCUMENTATION_COMMENTS = YES;
				CLANG_WARN_EMPTY_BODY = YES;
				CLANG_WARN_ENUM_CONVERSION = YES;
				CLANG_WARN_INFINITE_RECURSION = YES;
				CLANG_WARN_INT_CONVERSION = YES;
				CLANG_WARN_OBJC_ROOT_CLASS = YES_ERROR;
				CLANG_WARN_SUSPICIOUS_MOVE = YES;
				CLANG_WARN_UNREACHABLE_CODE = YES;
				CLANG_WARN__DUPLICATE_METHOD_MATCH = YES;
				"CODE_SIGN_IDENTITY[sdk=iphoneos*]" = "iPhone Developer";
				COPY_PHASE_STRIP = NO;
				DEBUG_INFORMATION_FORMAT = dwarf;
				ENABLE_STRICT_OBJC_MSGSEND = YES;
				ENABLE_TESTABILITY = YES;
				GCC_C_LANGUAGE_STANDARD = gnu99;
				GCC_DYNAMIC_NO_PIC = NO;
				GCC_NO_COMMON_BLOCKS = YES;
				GCC_OPTIMIZATION_LEVEL = 0;
				GCC_PREPROCESSOR_DEFINITIONS = (
					"DEBUG=1",
					"$(inherited)",
				);
				GCC_WARN_64_TO_32_BIT_CONVERSION = YES;
				GCC_WARN_ABOUT_RETURN_TYPE = YES_ERROR;
				GCC_WARN_UNDECLARED_SELECTOR = YES;
				GCC_WARN_UNINITIALIZED_AUTOS = YES_AGGRESSIVE;
				GCC_WARN_UNUSED_FUNCTION = YES;
				GCC_WARN_UNUSED_VARIABLE = YES;
				IPHONEOS_DEPLOYMENT_TARGET = 10.3;
				MTL_ENABLE_DEBUG_INFO = YES;
				ONLY_ACTIVE_ARCH = YES;
				SDKROOT = iphoneos;
				SWIFT_ACTIVE_COMPILATION_CONDITIONS = DEBUG;
				SWIFT_OPTIMIZATION_LEVEL = "-Onone";
			};
			name = Debug;
		};
		18C3B3E41F232113003A327A /* Release */ = {
			isa = XCBuildConfiguration;
			buildSettings = {
				ALWAYS_SEARCH_USER_PATHS = NO;
				CLANG_ANALYZER_NONNULL = YES;
				CLANG_ANALYZER_NUMBER_OBJECT_CONVERSION = YES_AGGRESSIVE;
				CLANG_CXX_LANGUAGE_STANDARD = "gnu++0x";
				CLANG_CXX_LIBRARY = "libc++";
				CLANG_ENABLE_MODULES = YES;
				CLANG_ENABLE_OBJC_ARC = YES;
				CLANG_WARN_BOOL_CONVERSION = YES;
				CLANG_WARN_CONSTANT_CONVERSION = YES;
				CLANG_WARN_DIRECT_OBJC_ISA_USAGE = YES_ERROR;
				CLANG_WARN_DOCUMENTATION_COMMENTS = YES;
				CLANG_WARN_EMPTY_BODY = YES;
				CLANG_WARN_ENUM_CONVERSION = YES;
				CLANG_WARN_INFINITE_RECURSION = YES;
				CLANG_WARN_INT_CONVERSION = YES;
				CLANG_WARN_OBJC_ROOT_CLASS = YES_ERROR;
				CLANG_WARN_SUSPICIOUS_MOVE = YES;
				CLANG_WARN_UNREACHABLE_CODE = YES;
				CLANG_WARN__DUPLICATE_METHOD_MATCH = YES;
				"CODE_SIGN_IDENTITY[sdk=iphoneos*]" = "iPhone Developer";
				COPY_PHASE_STRIP = NO;
				DEBUG_INFORMATION_FORMAT = "dwarf-with-dsym";
				ENABLE_NS_ASSERTIONS = NO;
				ENABLE_STRICT_OBJC_MSGSEND = YES;
				GCC_C_LANGUAGE_STANDARD = gnu99;
				GCC_NO_COMMON_BLOCKS = YES;
				GCC_WARN_64_TO_32_BIT_CONVERSION = YES;
				GCC_WARN_ABOUT_RETURN_TYPE = YES_ERROR;
				GCC_WARN_UNDECLARED_SELECTOR = YES;
				GCC_WARN_UNINITIALIZED_AUTOS = YES_AGGRESSIVE;
				GCC_WARN_UNUSED_FUNCTION = YES;
				GCC_WARN_UNUSED_VARIABLE = YES;
				IPHONEOS_DEPLOYMENT_TARGET = 10.3;
				MTL_ENABLE_DEBUG_INFO = NO;
				SDKROOT = iphoneos;
				SWIFT_OPTIMIZATION_LEVEL = "-Owholemodule";
				VALIDATE_PRODUCT = YES;
			};
			name = Release;
		};
		18C3B3E61F232113003A327A /* Debug */ = {
			isa = XCBuildConfiguration;
			buildSettings = {
				ASSETCATALOG_COMPILER_APPICON_NAME = AppIcon;
				DEVELOPMENT_TEAM = W2MFT9HK9F;
				INFOPLIST_FILE = LeetCodeSolution/Info.plist;
				LD_RUNPATH_SEARCH_PATHS = "$(inherited) @executable_path/Frameworks";
				PRODUCT_BUNDLE_IDENTIFIER = com.greatwall.LeetCodeSolution;
				PRODUCT_NAME = "$(TARGET_NAME)";
				SWIFT_VERSION = 4.0;
			};
			name = Debug;
		};
		18C3B3E71F232113003A327A /* Release */ = {
			isa = XCBuildConfiguration;
			buildSettings = {
				ASSETCATALOG_COMPILER_APPICON_NAME = AppIcon;
				DEVELOPMENT_TEAM = W2MFT9HK9F;
				INFOPLIST_FILE = LeetCodeSolution/Info.plist;
				LD_RUNPATH_SEARCH_PATHS = "$(inherited) @executable_path/Frameworks";
				PRODUCT_BUNDLE_IDENTIFIER = com.greatwall.LeetCodeSolution;
				PRODUCT_NAME = "$(TARGET_NAME)";
				SWIFT_VERSION = 4.0;
			};
			name = Release;
		};
/* End XCBuildConfiguration section */

/* Begin XCConfigurationList section */
		18C3B3CB1F232113003A327A /* Build configuration list for PBXProject "LeetCodeSolution" */ = {
			isa = XCConfigurationList;
			buildConfigurations = (
				18C3B3E31F232113003A327A /* Debug */,
				18C3B3E41F232113003A327A /* Release */,
			);
			defaultConfigurationIsVisible = 0;
			defaultConfigurationName = Release;
		};
		18C3B3E51F232113003A327A /* Build configuration list for PBXNativeTarget "LeetCodeSolution" */ = {
			isa = XCConfigurationList;
			buildConfigurations = (
				18C3B3E61F232113003A327A /* Debug */,
				18C3B3E71F232113003A327A /* Release */,
			);
			defaultConfigurationIsVisible = 0;
			defaultConfigurationName = Release;
		};
/* End XCConfigurationList section */

/* Begin XCVersionGroup section */
		18C3B3DA1F232113003A327A /* LeetCodeSolution.xcdatamodeld */ = {
			isa = XCVersionGroup;
			children = (
				18C3B3DB1F232113003A327A /* LeetCodeSolution.xcdatamodel */,
			);
			currentVersion = 18C3B3DB1F232113003A327A /* LeetCodeSolution.xcdatamodel */;
			path = LeetCodeSolution.xcdatamodeld;
			sourceTree = "<group>";
			versionGroupType = wrapper.xcdatamodel;
		};
/* End XCVersionGroup section */
	};
	rootObject = 18C3B3C81F232113003A327A /* Project object */;
}
