// !$*UTF8*$!
{
	archiveVersion = 1;
	classes = {
	};
	objectVersion = 46;
	objects = {

/* Begin PBXBuildFile section */
		18C3B3D41F232113003A327A /* AppDelegate.swift in Sources */ = {isa = PBXBuildFile; fileRef = 18C3B3D31F232113003A327A /* AppDelegate.swift */; };
		18C3B3D61F232113003A327A /* ViewController.swift in Sources */ = {isa = PBXBuildFile; fileRef = 18C3B3D51F232113003A327A /* ViewController.swift */; };
		18C3B3D91F232113003A327A /* Main.storyboard in Resources */ = {isa = PBXBuildFile; fileRef = 18C3B3D71F232113003A327A /* Main.storyboard */; };
		18C3B3DC1F232113003A327A /* LeetCodeSolution.xcdatamodeld in Sources */ = {isa = PBXBuildFile; fileRef = 18C3B3DA1F232113003A327A /* LeetCodeSolution.xcdatamodeld */; };
		18C3B3DE1F232113003A327A /* Assets.xcassets in Resources */ = {isa = PBXBuildFile; fileRef = 18C3B3DD1F232113003A327A /* Assets.xcassets */; };
		18C3B3E11F232113003A327A /* LaunchScreen.storyboard in Resources */ = {isa = PBXBuildFile; fileRef = 18C3B3DF1F232113003A327A /* LaunchScreen.storyboard */; };
		18C3B3F11F232223003A327A /* LongestPalindromicSubstring.swift in Sources */ = {isa = PBXBuildFile; fileRef = 18C3B3E91F232223003A327A /* LongestPalindromicSubstring.swift */; };
		18C3B3F21F232223003A327A /* 2Sum.swift in Sources */ = {isa = PBXBuildFile; fileRef = 18C3B3EA1F232223003A327A /* 2Sum.swift */; };
		18C3B3F31F232223003A327A /* 3Sum.swift in Sources */ = {isa = PBXBuildFile; fileRef = 18C3B3EB1F232223003A327A /* 3Sum.swift */; };
		18C3B3F41F232223003A327A /* LengthOfLongestSubstring.swift in Sources */ = {isa = PBXBuildFile; fileRef = 18C3B3EC1F232223003A327A /* LengthOfLongestSubstring.swift */; };
		18C3B3F51F232223003A327A /* AddTwoNumber.swift in Sources */ = {isa = PBXBuildFile; fileRef = 18C3B3ED1F232223003A327A /* AddTwoNumber.swift */; };
		18C3B3F61F232223003A327A /* StringToInteger.swift in Sources */ = {isa = PBXBuildFile; fileRef = 18C3B3EE1F232223003A327A /* StringToInteger.swift */; };
		18C3B3F71F232223003A327A /* LetterCombinationsOfAPhoneNumbe.swift in Sources */ = {isa = PBXBuildFile; fileRef = 18C3B3EF1F232223003A327A /* LetterCombinationsOfAPhoneNumbe.swift */; };
		18C3B3F81F232223003A327A /* ValidParatheses.swift in Sources */ = {isa = PBXBuildFile; fileRef = 18C3B3F01F232223003A327A /* ValidParatheses.swift */; };
		18C3B3FA1F23B093003A327A /* MergeTwoSortedLists.swift in Sources */ = {isa = PBXBuildFile; fileRef = 18C3B3F91F23B093003A327A /* MergeTwoSortedLists.swift */; };
/* End PBXBuildFile section */

/* Begin PBXFileReference section */
		18C3B3D01F232113003A327A /* LeetCodeSolution.app */ = {isa = PBXFileReference; explicitFileType = wrapper.application; includeInIndex = 0; path = LeetCodeSolution.app; sourceTree = BUILT_PRODUCTS_DIR; };
		18C3B3D31F232113003A327A /* AppDelegate.swift */ = {isa = PBXFileReference; lastKnownFileType = sourcecode.swift; path = AppDelegate.swift; sourceTree = "<group>"; };
		18C3B3D51F232113003A327A /* ViewController.swift */ = {isa = PBXFileReference; lastKnownFileType = sourcecode.swift; path = ViewController.swift; sourceTree = "<group>"; };
		18C3B3D81F232113003A327A /* Base */ = {isa = PBXFileReference; lastKnownFileType = file.storyboard; name = Base; path = Base.lproj/Main.storyboard; sourceTree = "<group>"; };
		18C3B3DB1F232113003A327A /* LeetCodeSolution.xcdatamodel */ = {isa = PBXFileReference; lastKnownFileType = wrapper.xcdatamodel; path = LeetCodeSolution.xcdatamodel; sourceTree = "<group>"; };
		18C3B3DD1F232113003A327A /* Assets.xcassets */ = {isa = PBXFileReference; lastKnownFileType = folder.assetcatalog; path = Assets.xcassets; sourceTree = "<group>"; };
		18C3B3E01F232113003A327A /* Base */ = {isa = PBXFileReference; lastKnownFileType = file.storyboard; name = Base; path = Base.lproj/LaunchScreen.storyboard; sourceTree = "<group>"; };
		18C3B3E21F232113003A327A /* Info.plist */ = {isa = PBXFileReference; lastKnownFileType = text.plist.xml; path = Info.plist; sourceTree = "<group>"; };
		18C3B3E91F232223003A327A /* LongestPalindromicSubstring.swift */ = {isa = PBXFileReference; fileEncoding = 4; lastKnownFileType = sourcecode.swift; path = LongestPalindromicSubstring.swift; sourceTree = "<group>"; };
		18C3B3EA1F232223003A327A /* 2Sum.swift */ = {isa = PBXFileReference; fileEncoding = 4; lastKnownFileType = sourcecode.swift; path = 2Sum.swift; sourceTree = "<group>"; };
		18C3B3EB1F232223003A327A /* 3Sum.swift */ = {isa = PBXFileReference; fileEncoding = 4; lastKnownFileType = sourcecode.swift; path = 3Sum.swift; sourceTree = "<group>"; };
		18C3B3EC1F232223003A327A /* LengthOfLongestSubstring.swift */ = {isa = PBXFileReference; fileEncoding = 4; lastKnownFileType = sourcecode.swift; path = LengthOfLongestSubstring.swift; sourceTree = "<group>"; };
		18C3B3ED1F232223003A327A /* AddTwoNumber.swift */ = {isa = PBXFileReference; fileEncoding = 4; lastKnownFileType = sourcecode.swift; path = AddTwoNumber.swift; sourceTree = "<group>"; };
		18C3B3EE1F232223003A327A /* StringToInteger.swift */ = {isa = PBXFileReference; fileEncoding = 4; lastKnownFileType = sourcecode.swift; path = StringToInteger.swift; sourceTree = "<group>"; };
		18C3B3EF1F232223003A327A /* LetterCombinationsOfAPhoneNumbe.swift */ = {isa = PBXFileReference; fileEncoding = 4; lastKnownFileType = sourcecode.swift; path = LetterCombinationsOfAPhoneNumbe.swift; sourceTree = "<group>"; };
		18C3B3F01F232223003A327A /* ValidParatheses.swift */ = {isa = PBXFileReference; fileEncoding = 4; lastKnownFileType = sourcecode.swift; path = ValidParatheses.swift; sourceTree = "<group>"; };
		18C3B3F91F23B093003A327A /* MergeTwoSortedLists.swift */ = {isa = PBXFileReference; fileEncoding = 4; lastKnownFileType = sourcecode.swift; path = MergeTwoSortedLists.swift; sourceTree = "<group>"; };
/* End PBXFileReference section */

/* Begin PBXFrameworksBuildPhase section */
		18C3B3CD1F232113003A327A /* Frameworks */ = {
			isa = PBXFrameworksBuildPhase;
			buildActionMask = 2147483647;
			files = (
			);
			runOnlyForDeploymentPostprocessing = 0;
		};
/* End PBXFrameworksBuildPhase section */

/* Begin PBXGroup section */
		18C3B3C71F232113003A327A = {
			isa = PBXGroup;
			children = (
				18C3B3D21F232113003A327A /* LeetCodeSolution */,
				18C3B3D11F232113003A327A /* Products */,
			);
			sourceTree = "<group>";
		};
		18C3B3D11F232113003A327A /* Products */ = {
			isa = PBXGroup;
			children = (
				18C3B3D01F232113003A327A /* LeetCodeSolution.app */,
			);
			name = Products;
			sourceTree = "<group>";
		};
		18C3B3D21F232113003A327A /* LeetCodeSolution */ = {
			isa = PBXGroup;
			children = (
				18C3B3D51F232113003A327A /* ViewController.swift */,
				18C3B3E81F23212D003A327A /* Supporting Files */,
				18C3B3E91F232223003A327A /* LongestPalindromicSubstring.swift */,
				18C3B3EA1F232223003A327A /* 2Sum.swift */,
				18C3B3EB1F232223003A327A /* 3Sum.swift */,
				18C3B3EC1F232223003A327A /* LengthOfLongestSubstring.swift */,
				18C3B3ED1F232223003A327A /* AddTwoNumber.swift */,
				18C3B3EE1F232223003A327A /* StringToInteger.swift */,
				18C3B3EF1F232223003A327A /* LetterCombinationsOfAPhoneNumbe.swift */,
				18C3B3F01F232223003A327A /* ValidParatheses.swift */,
				18C3B3F91F23B093003A327A /* MergeTwoSortedLists.swift */,
			);
			path = LeetCodeSolution;
			sourceTree = "<group>";
		};
		18C3B3E81F23212D003A327A /* Supporting Files */ = {
			isa = PBXGroup;
			children = (
				18C3B3D31F232113003A327A /* AppDelegate.swift */,
				18C3B3D71F232113003A327A /* Main.storyboard */,
				18C3B3DD1F232113003A327A /* Assets.xcassets */,
				18C3B3DF1F232113003A327A /* LaunchScreen.storyboard */,
				18C3B3E21F232113003A327A /* Info.plist */,
				18C3B3DA1F232113003A327A /* LeetCodeSolution.xcdatamodeld */,
			);
			name = "Supporting Files";
			sourceTree = "<group>";
		};
/* End PBXGroup section */

/* Begin PBXNativeTarget section */
		18C3B3CF1F232113003A327A /* LeetCodeSolution */ = {
			isa = PBXNativeTarget;
			buildConfigurationList = 18C3B3E51F232113003A327A /* Build configuration list for PBXNativeTarget "LeetCodeSolution" */;
			buildPhases = (
				18C3B3CC1F232113003A327A /* Sources */,
				18C3B3CD1F232113003A327A /* Frameworks */,
				18C3B3CE1F232113003A327A /* Resources */,
			);
			buildRules = (
			);
			dependencies = (
			);
			name = LeetCodeSolution;
			productName = LeetCodeSolution;
			productReference = 18C3B3D01F232113003A327A /* LeetCodeSolution.app */;
			productType = "com.apple.product-type.application";
		};
/* End PBXNativeTarget section */

/* Begin PBXProject section */
		18C3B3C81F232113003A327A /* Project object */ = {
			isa = PBXProject;
			attributes = {
				LastSwiftUpdateCheck = 0830;
				LastUpgradeCheck = 0830;
				ORGANIZATIONNAME = greatwall;
				TargetAttributes = {
					18C3B3CF1F232113003A327A = {
						CreatedOnToolsVersion = 8.3.2;
						DevelopmentTeam = W2MFT9HK9F;
						ProvisioningStyle = Automatic;
					};
				};
			};
			buildConfigurationList = 18C3B3CB1F232113003A327A /* Build configuration list for PBXProject "LeetCodeSolution" */;
			compatibilityVersion = "Xcode 3.2";
			developmentRegion = English;
			hasScannedForEncodings = 0;
			knownRegions = (
				en,
				Base,
			);
			mainGroup = 18C3B3C71F232113003A327A;
			productRefGroup = 18C3B3D11F232113003A327A /* Products */;
			projectDirPath = "";
			projectRoot = "";
			targets = (
				18C3B3CF1F232113003A327A /* LeetCodeSolution */,
			);
		};
/* End PBXProject section */

/* Begin PBXResourcesBuildPhase section */
		18C3B3CE1F232113003A327A /* Resources */ = {
			isa = PBXResourcesBuildPhase;
			buildActionMask = 2147483647;
			files = (
				18C3B3E11F232113003A327A /* LaunchScreen.storyboard in Resources */,
				18C3B3DE1F232113003A327A /* Assets.xcassets in Resources */,
				18C3B3D91F232113003A327A /* Main.storyboard in Resources */,
			);
			runOnlyForDeploymentPostprocessing = 0;
		};
/* End PBXResourcesBuildPhase section */

/* Begin PBXSourcesBuildPhase section */
		18C3B3CC1F232113003A327A /* Sources */ = {
			isa = PBXSourcesBuildPhase;
			buildActionMask = 2147483647;
			files = (
				18C3B3F21F232223003A327A /* 2Sum.swift in Sources */,
				18C3B3F51F232223003A327A /* AddTwoNumber.swift in Sources */,
				18C3B3DC1F232113003A327A /* LeetCodeSolution.xcdatamodeld in Sources */,
				18C3B3F71F232223003A327A /* LetterCombinationsOfAPhoneNumbe.swift in Sources */,
				18C3B3F11F232223003A327A /* LongestPalindromicSubstring.swift in Sources */,
				18C3B3D61F232113003A327A /* ViewController.swift in Sources */,
				18C3B3D41F232113003A327A /* AppDelegate.swift in Sources */,
				18C3B3F41F232223003A327A /* LengthOfLongestSubstring.swift in Sources */,
				18C3B3F61F232223003A327A /* StringToInteger.swift in Sources */,
				18C3B3F31F232223003A327A /* 3Sum.swift in Sources */,
				18C3B3FA1F23B093003A327A /* MergeTwoSortedLists.swift in Sources */,
				18C3B3F81F232223003A327A /* ValidParatheses.swift in Sources */,
			);
			runOnlyForDeploymentPostprocessing = 0;
		};
/* End PBXSourcesBuildPhase section */

/* Begin PBXVariantGroup section */
		18C3B3D71F232113003A327A /* Main.storyboard */ = {
			isa = PBXVariantGroup;
			children = (
				18C3B3D81F232113003A327A /* Base */,
			);
			name = Main.storyboard;
			sourceTree = "<group>";
		};
		18C3B3DF1F232113003A327A /* LaunchScreen.storyboard */ = {
			isa = PBXVariantGroup;
			children = (
				18C3B3E01F232113003A327A /* Base */,
			);
			name = LaunchScreen.storyboard;
			sourceTree = "<group>";
		};
/* End PBXVariantGroup section */

/* Begin XCBuildConfiguration section */
		18C3B3E31F232113003A327A /* Debug */ = {
			isa = XCBuildConfiguration;
			buildSettings = {
				ALWAYS_SEARCH_USER_PATHS = NO;
				CLANG_ANALYZER_NONNULL = YES;
				CLANG_ANALYZER_NUMBER_OBJECT_CONVERSION = YES_AGGRESSIVE;
				CLANG_CXX_LANGUAGE_STANDARD = "gnu++0x";
				CLANG_CXX_LIBRARY = "libc++";
				CLANG_ENABLE_MODULES = YES;
				CLANG_ENABLE_OBJC_ARC = YES;
				CLANG_WARN_BOOL_CONVERSION = YES;
				CLANG_WARN_CONSTANT_CONVERSION = YES;
				CLANG_WARN_DIRECT_OBJC_ISA_USAGE = YES_ERROR;
				CLANG_WARN_DOCUMENTATION_COMMENTS = YES;
				CLANG_WARN_EMPTY_BODY = YES;
				CLANG_WARN_ENUM_CONVERSION = YES;
				CLANG_WARN_INFINITE_RECURSION = YES;
				CLANG_WARN_INT_CONVERSION = YES;
				CLANG_WARN_OBJC_ROOT_CLASS = YES_ERROR;
				CLANG_WARN_SUSPICIOUS_MOVE = YES;
				CLANG_WARN_UNREACHABLE_CODE = YES;
				CLANG_WARN__DUPLICATE_METHOD_MATCH = YES;
				"CODE_SIGN_IDENTITY[sdk=iphoneos*]" = "iPhone Developer";
				COPY_PHASE_STRIP = NO;
				DEBUG_INFORMATION_FORMAT = dwarf;
				ENABLE_STRICT_OBJC_MSGSEND = YES;
				ENABLE_TESTABILITY = YES;
				GCC_C_LANGUAGE_STANDARD = gnu99;
				GCC_DYNAMIC_NO_PIC = NO;
				GCC_NO_COMMON_BLOCKS = YES;
				GCC_OPTIMIZATION_LEVEL = 0;
				GCC_PREPROCESSOR_DEFINITIONS = (
					"DEBUG=1",
					"$(inherited)",
				);
				GCC_WARN_64_TO_32_BIT_CONVERSION = YES;
				GCC_WARN_ABOUT_RETURN_TYPE = YES_ERROR;
				GCC_WARN_UNDECLARED_SELECTOR = YES;
				GCC_WARN_UNINITIALIZED_AUTOS = YES_AGGRESSIVE;
				GCC_WARN_UNUSED_FUNCTION = YES;
				GCC_WARN_UNUSED_VARIABLE = YES;
				IPHONEOS_DEPLOYMENT_TARGET = 10.3;
				MTL_ENABLE_DEBUG_INFO = YES;
				ONLY_ACTIVE_ARCH = YES;
				SDKROOT = iphoneos;
				SWIFT_ACTIVE_COMPILATION_CONDITIONS = DEBUG;
				SWIFT_OPTIMIZATION_LEVEL = "-Onone";
			};
			name = Debug;
		};
		18C3B3E41F232113003A327A /* Release */ = {
			isa = XCBuildConfiguration;
			buildSettings = {
				ALWAYS_SEARCH_USER_PATHS = NO;
				CLANG_ANALYZER_NONNULL = YES;
				CLANG_ANALYZER_NUMBER_OBJECT_CONVERSION = YES_AGGRESSIVE;
				CLANG_CXX_LANGUAGE_STANDARD = "gnu++0x";
				CLANG_CXX_LIBRARY = "libc++";
				CLANG_ENABLE_MODULES = YES;
				CLANG_ENABLE_OBJC_ARC = YES;
				CLANG_WARN_BOOL_CONVERSION = YES;
				CLANG_WARN_CONSTANT_CONVERSION = YES;
				CLANG_WARN_DIRECT_OBJC_ISA_USAGE = YES_ERROR;
				CLANG_WARN_DOCUMENTATION_COMMENTS = YES;
				CLANG_WARN_EMPTY_BODY = YES;
				CLANG_WARN_ENUM_CONVERSION = YES;
				CLANG_WARN_INFINITE_RECURSION = YES;
				CLANG_WARN_INT_CONVERSION = YES;
				CLANG_WARN_OBJC_ROOT_CLASS = YES_ERROR;
				CLANG_WARN_SUSPICIOUS_MOVE = YES;
				CLANG_WARN_UNREACHABLE_CODE = YES;
				CLANG_WARN__DUPLICATE_METHOD_MATCH = YES;
				"CODE_SIGN_IDENTITY[sdk=iphoneos*]" = "iPhone Developer";
				COPY_PHASE_STRIP = NO;
				DEBUG_INFORMATION_FORMAT = "dwarf-with-dsym";
				ENABLE_NS_ASSERTIONS = NO;
				ENABLE_STRICT_OBJC_MSGSEND = YES;
				GCC_C_LANGUAGE_STANDARD = gnu99;
				GCC_NO_COMMON_BLOCKS = YES;
				GCC_WARN_64_TO_32_BIT_CONVERSION = YES;
				GCC_WARN_ABOUT_RETURN_TYPE = YES_ERROR;
				GCC_WARN_UNDECLARED_SELECTOR = YES;
				GCC_WARN_UNINITIALIZED_AUTOS = YES_AGGRESSIVE;
				GCC_WARN_UNUSED_FUNCTION = YES;
				GCC_WARN_UNUSED_VARIABLE = YES;
				IPHONEOS_DEPLOYMENT_TARGET = 10.3;
				MTL_ENABLE_DEBUG_INFO = NO;
				SDKROOT = iphoneos;
				SWIFT_OPTIMIZATION_LEVEL = "-Owholemodule";
				VALIDATE_PRODUCT = YES;
			};
			name = Release;
		};
		18C3B3E61F232113003A327A /* Debug */ = {
			isa = XCBuildConfiguration;
			buildSettings = {
				ASSETCATALOG_COMPILER_APPICON_NAME = AppIcon;
				DEVELOPMENT_TEAM = W2MFT9HK9F;
				INFOPLIST_FILE = LeetCodeSolution/Info.plist;
				LD_RUNPATH_SEARCH_PATHS = "$(inherited) @executable_path/Frameworks";
				PRODUCT_BUNDLE_IDENTIFIER = com.greatwall.LeetCodeSolution;
				PRODUCT_NAME = "$(TARGET_NAME)";
				SWIFT_VERSION = 3.0;
			};
			name = Debug;
		};
		18C3B3E71F232113003A327A /* Release */ = {
			isa = XCBuildConfiguration;
			buildSettings = {
				ASSETCATALOG_COMPILER_APPICON_NAME = AppIcon;
				DEVELOPMENT_TEAM = W2MFT9HK9F;
				INFOPLIST_FILE = LeetCodeSolution/Info.plist;
				LD_RUNPATH_SEARCH_PATHS = "$(inherited) @executable_path/Frameworks";
				PRODUCT_BUNDLE_IDENTIFIER = com.greatwall.LeetCodeSolution;
				PRODUCT_NAME = "$(TARGET_NAME)";
				SWIFT_VERSION = 3.0;
			};
			name = Release;
		};
/* End XCBuildConfiguration section */

/* Begin XCConfigurationList section */
		18C3B3CB1F232113003A327A /* Build configuration list for PBXProject "LeetCodeSolution" */ = {
			isa = XCConfigurationList;
			buildConfigurations = (
				18C3B3E31F232113003A327A /* Debug */,
				18C3B3E41F232113003A327A /* Release */,
			);
			defaultConfigurationIsVisible = 0;
			defaultConfigurationName = Release;
		};
		18C3B3E51F232113003A327A /* Build configuration list for PBXNativeTarget "LeetCodeSolution" */ = {
			isa = XCConfigurationList;
			buildConfigurations = (
				18C3B3E61F232113003A327A /* Debug */,
				18C3B3E71F232113003A327A /* Release */,
			);
			defaultConfigurationIsVisible = 0;
		};
/* End XCConfigurationList section */

/* Begin XCVersionGroup section */
		18C3B3DA1F232113003A327A /* LeetCodeSolution.xcdatamodeld */ = {
			isa = XCVersionGroup;
			children = (
				18C3B3DB1F232113003A327A /* LeetCodeSolution.xcdatamodel */,
			);
			currentVersion = 18C3B3DB1F232113003A327A /* LeetCodeSolution.xcdatamodel */;
			path = LeetCodeSolution.xcdatamodeld;
			sourceTree = "<group>";
			versionGroupType = wrapper.xcdatamodel;
		};
/* End XCVersionGroup section */
	};
	rootObject = 18C3B3C81F232113003A327A /* Project object */;
}
