// !$*UTF8*$!
{
	archiveVersion = 1;
	classes = {
	};
	objectVersion = 46;
	objects = {

/* Begin PBXBuildFile section */
		180794D32038CD66004D3003 /* 771_JewelsAndStones.swift in Sources */ = {isa = PBXBuildFile; fileRef = 180794D22038CD66004D3003 /* 771_JewelsAndStones.swift */; };
		180794D620391B14004D3003 /* 657_JudgeRouteCircle.swift in Sources */ = {isa = PBXBuildFile; fileRef = 180794D520391B14004D3003 /* 657_JudgeRouteCircle.swift */; };
		180794D8203962AF004D3003 /* 617_MergeTwoBinaryTrees.swift in Sources */ = {isa = PBXBuildFile; fileRef = 180794D7203962AF004D3003 /* 617_MergeTwoBinaryTrees.swift */; };
		180794DB2039650F004D3003 /* Queue.swift in Sources */ = {isa = PBXBuildFile; fileRef = 180794DA2039650F004D3003 /* Queue.swift */; };
		180794DD20396DC0004D3003 /* 637_AverageOfLevelsInBinaryTree.swift in Sources */ = {isa = PBXBuildFile; fileRef = 180794DC20396DC0004D3003 /* 637_AverageOfLevelsInBinaryTree.swift */; };
		180794DF2039FCD6004D3003 /* 283_MoveZeros.swift in Sources */ = {isa = PBXBuildFile; fileRef = 180794DE2039FCD6004D3003 /* 283_MoveZeros.swift */; };
		180794E1203A1F94004D3003 /* 663_TwoSumIV.swift in Sources */ = {isa = PBXBuildFile; fileRef = 180794E0203A1F94004D3003 /* 663_TwoSumIV.swift */; };
		180794E3203A278E004D3003 /* 606_ConstructStringFromBinaryTree.swift in Sources */ = {isa = PBXBuildFile; fileRef = 180794E2203A278E004D3003 /* 606_ConstructStringFromBinaryTree.swift */; };
		180794E5203A625E004D3003 /* 538_ConvertBSTtoGreaterTree.swift in Sources */ = {isa = PBXBuildFile; fileRef = 180794E4203A625E004D3003 /* 538_ConvertBSTtoGreaterTree.swift */; };
		180794E7203A65D5004D3003 /* 122_BestTimeToBuyAndSellStockII.swift in Sources */ = {isa = PBXBuildFile; fileRef = 180794E6203A65D5004D3003 /* 122_BestTimeToBuyAndSellStockII.swift */; };
		180794E9203A6D25004D3003 /* 404_SumOfLeftLeaves.swift in Sources */ = {isa = PBXBuildFile; fileRef = 180794E8203A6D25004D3003 /* 404_SumOfLeftLeaves.swift */; };
		180794EB203A71B9004D3003 /* 242_ValidAnagram.swift in Sources */ = {isa = PBXBuildFile; fileRef = 180794EA203A71B9004D3003 /* 242_ValidAnagram.swift */; };
		180794EE203A7356004D3003 /* Extension.swift in Sources */ = {isa = PBXBuildFile; fileRef = 180794ED203A7356004D3003 /* Extension.swift */; };
		180794F0203AA46E004D3003 /* 387_FirstUniqueCharacterInAString.swift in Sources */ = {isa = PBXBuildFile; fileRef = 180794EF203AA46E004D3003 /* 387_FirstUniqueCharacterInAString.swift */; };
		180794F2203AA967004D3003 /* 206_ReverseLinkedList.swift in Sources */ = {isa = PBXBuildFile; fileRef = 180794F1203AA967004D3003 /* 206_ReverseLinkedList.swift */; };
		187C9879203AAD06000782AA /* 543_DiameterOfBinaryTree.swift in Sources */ = {isa = PBXBuildFile; fileRef = 187C9878203AAD06000782AA /* 543_DiameterOfBinaryTree.swift */; };
		187C987B203AB668000782AA /* 70_ClimbingStairs.swift in Sources */ = {isa = PBXBuildFile; fileRef = 187C987A203AB668000782AA /* 70_ClimbingStairs.swift */; };
		187C987D203BAE87000782AA /* 257_BinaryTreePaths.swift in Sources */ = {isa = PBXBuildFile; fileRef = 187C987C203BAE87000782AA /* 257_BinaryTreePaths.swift */; };
		187C987F203BB5EB000782AA /* 21_MergeTwoSortedLists.swift in Sources */ = {isa = PBXBuildFile; fileRef = 187C987E203BB5EB000782AA /* 21_MergeTwoSortedLists.swift */; };
		187C9881203BC038000782AA /* 572_SubtreeOfAnotherTree.swift in Sources */ = {isa = PBXBuildFile; fileRef = 187C9880203BC038000782AA /* 572_SubtreeOfAnotherTree.swift */; };
		18ABB4162059F0B00057CFE6 /* 78_Subsets.swift in Sources */ = {isa = PBXBuildFile; fileRef = 18ABB4152059F0B00057CFE6 /* 78_Subsets.swift */; };
		18ABB418205A372F0057CFE6 /* 516_LongestPalindromicSubsequence.swift in Sources */ = {isa = PBXBuildFile; fileRef = 18ABB417205A372F0057CFE6 /* 516_LongestPalindromicSubsequence.swift */; };
		18ABB41A205A5B9F0057CFE6 /* 377_CombinationSumIV.swift in Sources */ = {isa = PBXBuildFile; fileRef = 18ABB419205A5B9F0057CFE6 /* 377_CombinationSumIV.swift */; };
		18C3B3D41F232113003A327A /* AppDelegate.swift in Sources */ = {isa = PBXBuildFile; fileRef = 18C3B3D31F232113003A327A /* AppDelegate.swift */; };
		18C3B3D61F232113003A327A /* ViewController.swift in Sources */ = {isa = PBXBuildFile; fileRef = 18C3B3D51F232113003A327A /* ViewController.swift */; };
		18C3B3D91F232113003A327A /* Main.storyboard in Resources */ = {isa = PBXBuildFile; fileRef = 18C3B3D71F232113003A327A /* Main.storyboard */; };
		18C3B3DC1F232113003A327A /* LeetCodeSolution.xcdatamodeld in Sources */ = {isa = PBXBuildFile; fileRef = 18C3B3DA1F232113003A327A /* LeetCodeSolution.xcdatamodeld */; };
		18C3B3DE1F232113003A327A /* Assets.xcassets in Resources */ = {isa = PBXBuildFile; fileRef = 18C3B3DD1F232113003A327A /* Assets.xcassets */; };
		18C3B3E11F232113003A327A /* LaunchScreen.storyboard in Resources */ = {isa = PBXBuildFile; fileRef = 18C3B3DF1F232113003A327A /* LaunchScreen.storyboard */; };
		18C3B3F11F232223003A327A /* LongestPalindromicSubstring.swift in Sources */ = {isa = PBXBuildFile; fileRef = 18C3B3E91F232223003A327A /* LongestPalindromicSubstring.swift */; };
		18C3B3F21F232223003A327A /* 2Sum.swift in Sources */ = {isa = PBXBuildFile; fileRef = 18C3B3EA1F232223003A327A /* 2Sum.swift */; };
		18C3B3F31F232223003A327A /* 3Sum.swift in Sources */ = {isa = PBXBuildFile; fileRef = 18C3B3EB1F232223003A327A /* 3Sum.swift */; };
		18C3B3F41F232223003A327A /* LengthOfLongestSubstring.swift in Sources */ = {isa = PBXBuildFile; fileRef = 18C3B3EC1F232223003A327A /* LengthOfLongestSubstring.swift */; };
		18C3B3F51F232223003A327A /* AddTwoNumber.swift in Sources */ = {isa = PBXBuildFile; fileRef = 18C3B3ED1F232223003A327A /* AddTwoNumber.swift */; };
		18C3B3F61F232223003A327A /* StringToInteger.swift in Sources */ = {isa = PBXBuildFile; fileRef = 18C3B3EE1F232223003A327A /* StringToInteger.swift */; };
		18C3B3F71F232223003A327A /* LetterCombinationsOfAPhoneNumbe.swift in Sources */ = {isa = PBXBuildFile; fileRef = 18C3B3EF1F232223003A327A /* LetterCombinationsOfAPhoneNumbe.swift */; };
		18C3B40B1F247E93003A327A /* MergeKSortedLists.swift in Sources */ = {isa = PBXBuildFile; fileRef = 18C3B40A1F247E93003A327A /* MergeKSortedLists.swift */; };
		18C3B40E1F24810C003A327A /* Heap.swift in Sources */ = {isa = PBXBuildFile; fileRef = 18C3B40C1F24810C003A327A /* Heap.swift */; };
		18C3B40F1F24810C003A327A /* ListNode.swift in Sources */ = {isa = PBXBuildFile; fileRef = 18C3B40D1F24810C003A327A /* ListNode.swift */; };
		18C3B4321F250F0E003A327A /* TrappingRainWater.swift in Sources */ = {isa = PBXBuildFile; fileRef = 18C3B4311F250F0E003A327A /* TrappingRainWater.swift */; };
		18C3B4341F255C0F003A327A /* RotateImage.swift in Sources */ = {isa = PBXBuildFile; fileRef = 18C3B4331F255C0F003A327A /* RotateImage.swift */; };
		18C3B4361F2568F1003A327A /* GroupAnagrams.swift in Sources */ = {isa = PBXBuildFile; fileRef = 18C3B4351F2568F1003A327A /* GroupAnagrams.swift */; };
		18C3B4381F25796C003A327A /* SetMatrixZeros.swift in Sources */ = {isa = PBXBuildFile; fileRef = 18C3B4371F25796C003A327A /* SetMatrixZeros.swift */; };
		18C3B43A1F2580B5003A327A /* Subsets.swift in Sources */ = {isa = PBXBuildFile; fileRef = 18C3B4391F2580B5003A327A /* Subsets.swift */; };
		18C3B43C1F25BAE1003A327A /* ValidateBinarySearchTree.swift in Sources */ = {isa = PBXBuildFile; fileRef = 18C3B43B1F25BAE1003A327A /* ValidateBinarySearchTree.swift */; };
		18C3B43E1F25BB0B003A327A /* BinaryTreeNode.swift in Sources */ = {isa = PBXBuildFile; fileRef = 18C3B43D1F25BB0B003A327A /* BinaryTreeNode.swift */; };
		18C3B4401F25D92E003A327A /* PascalsTriangle.swift in Sources */ = {isa = PBXBuildFile; fileRef = 18C3B43F1F25D92E003A327A /* PascalsTriangle.swift */; };
		18C3B4421F26556A003A327A /* SubmissionDetails.swift in Sources */ = {isa = PBXBuildFile; fileRef = 18C3B4411F26556A003A327A /* SubmissionDetails.swift */; };
		18C3B4441F266FC0003A327A /* BestTimeToBuyAndSellStock.swift in Sources */ = {isa = PBXBuildFile; fileRef = 18C3B4431F266FC0003A327A /* BestTimeToBuyAndSellStock.swift */; };
		18C3B4461F267FBC003A327A /* wordLadder.swift in Sources */ = {isa = PBXBuildFile; fileRef = 18C3B4451F267FBC003A327A /* wordLadder.swift */; };
		18C3B4481F270865003A327A /* WordLadder2.swift in Sources */ = {isa = PBXBuildFile; fileRef = 18C3B4471F270865003A327A /* WordLadder2.swift */; };
		18C3B44A1F27C346003A327A /* WordBreak.swift in Sources */ = {isa = PBXBuildFile; fileRef = 18C3B4491F27C346003A327A /* WordBreak.swift */; };
		18C3B44C1F27F19B003A327A /* NumberOfIslands.swift in Sources */ = {isa = PBXBuildFile; fileRef = 18C3B44B1F27F19B003A327A /* NumberOfIslands.swift */; };
		18C3B4521F284C22003A327A /* SlidingWindowMaximum.swift in Sources */ = {isa = PBXBuildFile; fileRef = 18C3B4511F284C22003A327A /* SlidingWindowMaximum.swift */; };
		18C3B4581F287B40003A327A /* SearchA2DMatrix.swift in Sources */ = {isa = PBXBuildFile; fileRef = 18C3B4571F287B40003A327A /* SearchA2DMatrix.swift */; };
		18C3B45A1F291AC7003A327A /* SearchA2DMatrix2.swift in Sources */ = {isa = PBXBuildFile; fileRef = 18C3B4591F291AC7003A327A /* SearchA2DMatrix2.swift */; };
		18C3B45E1F294468003A327A /* KthLargestElementInAnArray.swift in Sources */ = {isa = PBXBuildFile; fileRef = 18C3B45D1F294468003A327A /* KthLargestElementInAnArray.swift */; };
		18C3B4601F29ADD3003A327A /* TwoSumInputArraySorted.swift in Sources */ = {isa = PBXBuildFile; fileRef = 18C3B45F1F29ADD3003A327A /* TwoSumInputArraySorted.swift */; };
		18C3B4681F2B9817003A327A /* BinaryTreeRightSideView.swift in Sources */ = {isa = PBXBuildFile; fileRef = 18C3B4671F2B9817003A327A /* BinaryTreeRightSideView.swift */; };
		18C3B46A1F2BB161003A327A /* LongestPalidromicSubsequence.swift in Sources */ = {isa = PBXBuildFile; fileRef = 18C3B4691F2BB161003A327A /* LongestPalidromicSubsequence.swift */; };
		18C3B46D1F2C50FE003A327A /* RotateFunction.swift in Sources */ = {isa = PBXBuildFile; fileRef = 18C3B46C1F2C50FE003A327A /* RotateFunction.swift */; };
		18C3B46F1F2CEEF2003A327A /* KdiffPairsInAnArray.swift in Sources */ = {isa = PBXBuildFile; fileRef = 18C3B46E1F2CEEF2003A327A /* KdiffPairsInAnArray.swift */; };
		18C3B4711F2D1AFB003A327A /* Minesweeper.swift in Sources */ = {isa = PBXBuildFile; fileRef = 18C3B4701F2D1AFB003A327A /* Minesweeper.swift */; };
		18C3B47A1F2E6361003A327A /* SuperWashingMachines.swift in Sources */ = {isa = PBXBuildFile; fileRef = 18C3B4791F2E6361003A327A /* SuperWashingMachines.swift */; };
		18C3B47C1F2E69CD003A327A /* OptimalDivision.swift in Sources */ = {isa = PBXBuildFile; fileRef = 18C3B47B1F2E69CD003A327A /* OptimalDivision.swift */; };
		18C3B4861F2EB30D003A327A /* SolveTheEquation.swift in Sources */ = {isa = PBXBuildFile; fileRef = 18C3B4851F2EB30D003A327A /* SolveTheEquation.swift */; };
		18CB75A820054942000E8549 /* Dungeon.swift in Sources */ = {isa = PBXBuildFile; fileRef = 18CB75A720054942000E8549 /* Dungeon.swift */; };
		18D8F1E320588D9800BC70A8 /* 46_Permutations.swift in Sources */ = {isa = PBXBuildFile; fileRef = 18D8F1E220588D9800BC70A8 /* 46_Permutations.swift */; };
		18D8F1E52058995900BC70A8 /* 554_BrickWall.swift in Sources */ = {isa = PBXBuildFile; fileRef = 18D8F1E42058995900BC70A8 /* 554_BrickWall.swift */; };
		18D8F1E72058AC8600BC70A8 /* 650_2KeysKeyboard.swift in Sources */ = {isa = PBXBuildFile; fileRef = 18D8F1E62058AC8600BC70A8 /* 650_2KeysKeyboard.swift */; };
		18D8F1E92058C70D00BC70A8 /* 392_IsSubsequence.swift in Sources */ = {isa = PBXBuildFile; fileRef = 18D8F1E82058C70D00BC70A8 /* 392_IsSubsequence.swift */; };
		18D8F1EB2059070500BC70A8 /* 337_HouseRobberIII.swift in Sources */ = {isa = PBXBuildFile; fileRef = 18D8F1EA2059070500BC70A8 /* 337_HouseRobberIII.swift */; };
		18E6EA1820579B5200C64E1B /* 413_ArithmeticSlices.swift in Sources */ = {isa = PBXBuildFile; fileRef = 18E6EA1720579B5200C64E1B /* 413_ArithmeticSlices.swift */; };
		18E6EA1A2057A49A00C64E1B /* 508_MostFrequentSubtreeSum.swift in Sources */ = {isa = PBXBuildFile; fileRef = 18E6EA192057A49A00C64E1B /* 508_MostFrequentSubtreeSum.swift */; };
		18E6EA1C2057B0DA00C64E1B /* 451_SortCharactersByFrequency.swift in Sources */ = {isa = PBXBuildFile; fileRef = 18E6EA1B2057B0DA00C64E1B /* 451_SortCharactersByFrequency.swift */; };
		18E6EA1E205865D600C64E1B /* 238_ProductOfArrayExceptSelf.swift in Sources */ = {isa = PBXBuildFile; fileRef = 18E6EA1D205865D600C64E1B /* 238_ProductOfArrayExceptSelf.swift */; };
		18E6EA20205869C300C64E1B /* 477_TotalHammingDistance.swift in Sources */ = {isa = PBXBuildFile; fileRef = 18E6EA1F205869C300C64E1B /* 477_TotalHammingDistance.swift */; };
		18E6EA222058849400C64E1B /* 22_GenerateParentheses.swift in Sources */ = {isa = PBXBuildFile; fileRef = 18E6EA212058849400C64E1B /* 22_GenerateParentheses.swift */; };
		18E917F6204296CF00B8E57B /* 53_MaximumSubarray.swift in Sources */ = {isa = PBXBuildFile; fileRef = 18E917F5204296CF00B8E57B /* 53_MaximumSubarray.swift */; };
		18E917F820429F2E00B8E57B /* 101_SymmetricTree.swift in Sources */ = {isa = PBXBuildFile; fileRef = 18E917F720429F2E00B8E57B /* 101_SymmetricTree.swift */; };
		18E917FA2042A45E00B8E57B /* 198_HouseRobber.swift in Sources */ = {isa = PBXBuildFile; fileRef = 18E917F92042A45E00B8E57B /* 198_HouseRobber.swift */; };
		18E917FC20436FF300B8E57B /* 459_RepeatedSubstringPattern.swift in Sources */ = {isa = PBXBuildFile; fileRef = 18E917FB20436FF300B8E57B /* 459_RepeatedSubstringPattern.swift */; };
		18E917FE2046307600B8E57B /* 38_CountAndSay.swift in Sources */ = {isa = PBXBuildFile; fileRef = 18E917FD2046307600B8E57B /* 38_CountAndSay.swift */; };
		18E918662049534F00B8E57B /* 438_FindAllAnagramsInAString.swift in Sources */ = {isa = PBXBuildFile; fileRef = 18E918652049534F00B8E57B /* 438_FindAllAnagramsInAString.swift */; };
		18E91868204A58D600B8E57B /* 20_ValidParentheses.swift in Sources */ = {isa = PBXBuildFile; fileRef = 18E91867204A58D600B8E57B /* 20_ValidParentheses.swift */; };
		18E9186A204BE1FB00B8E57B /* 234_PalindromeLinkedList.swift in Sources */ = {isa = PBXBuildFile; fileRef = 18E91869204BE1FB00B8E57B /* 234_PalindromeLinkedList.swift */; };
		18E9186C204BE90000B8E57B /* 88_MergeSortArray.swift in Sources */ = {isa = PBXBuildFile; fileRef = 18E9186B204BE90000B8E57B /* 88_MergeSortArray.swift */; };
		18E9186E204BF41400B8E57B /* 14_LongestCommonPrefix.swift in Sources */ = {isa = PBXBuildFile; fileRef = 18E9186D204BF41400B8E57B /* 14_LongestCommonPrefix.swift */; };
		18E91870204CE60400B8E57B /* 28_ImplementStrStr().swift in Sources */ = {isa = PBXBuildFile; fileRef = 18E9186F204CE60400B8E57B /* 28_ImplementStrStr().swift */; };
		18E91872204E760B00B8E57B /* 69_Sqrt(x).swift in Sources */ = {isa = PBXBuildFile; fileRef = 18E91871204E760B00B8E57B /* 69_Sqrt(x).swift */; };
		18E91874204E7F3700B8E57B /* 414_ThirdMaximumNumber.swift in Sources */ = {isa = PBXBuildFile; fileRef = 18E91873204E7F3700B8E57B /* 414_ThirdMaximumNumber.swift */; };
		18E91876204FC43300B8E57B /* 168_ExcelSheetColumnTitle.swift in Sources */ = {isa = PBXBuildFile; fileRef = 18E91875204FC43300B8E57B /* 168_ExcelSheetColumnTitle.swift */; };
		18E9187A204FD57C00B8E57B /* 125_ValidPalindrome.swift in Sources */ = {isa = PBXBuildFile; fileRef = 18E91879204FD57C00B8E57B /* 125_ValidPalindrome.swift */; };
		18E9187C205115AA00B8E57B /* 204_CountPrimes.swift in Sources */ = {isa = PBXBuildFile; fileRef = 18E9187B205115AA00B8E57B /* 204_CountPrimes.swift */; };
		18E9187E20511E4800B8E57B /* 7_ReverseInteger.swift in Sources */ = {isa = PBXBuildFile; fileRef = 18E9187D20511E4800B8E57B /* 7_ReverseInteger.swift */; };
		18E918802051300B00B8E57B /* 665_Non-decreasingArray.swift in Sources */ = {isa = PBXBuildFile; fileRef = 18E9187F2051300B00B8E57B /* 665_Non-decreasingArray.swift */; };
		18E918822051B6DA00B8E57B /* 537_ComplexNumberMultiplication.swift in Sources */ = {isa = PBXBuildFile; fileRef = 18E918812051B6DA00B8E57B /* 537_ComplexNumberMultiplication.swift */; };
/* End PBXBuildFile section */

/* Begin PBXFileReference section */
		180794D22038CD66004D3003 /* 771_JewelsAndStones.swift */ = {isa = PBXFileReference; lastKnownFileType = sourcecode.swift; path = 771_JewelsAndStones.swift; sourceTree = "<group>"; };
		180794D520391B14004D3003 /* 657_JudgeRouteCircle.swift */ = {isa = PBXFileReference; lastKnownFileType = sourcecode.swift; path = 657_JudgeRouteCircle.swift; sourceTree = "<group>"; };
		180794D7203962AF004D3003 /* 617_MergeTwoBinaryTrees.swift */ = {isa = PBXFileReference; lastKnownFileType = sourcecode.swift; path = 617_MergeTwoBinaryTrees.swift; sourceTree = "<group>"; };
		180794DA2039650F004D3003 /* Queue.swift */ = {isa = PBXFileReference; lastKnownFileType = sourcecode.swift; path = Queue.swift; sourceTree = "<group>"; };
		180794DC20396DC0004D3003 /* 637_AverageOfLevelsInBinaryTree.swift */ = {isa = PBXFileReference; lastKnownFileType = sourcecode.swift; path = 637_AverageOfLevelsInBinaryTree.swift; sourceTree = "<group>"; };
		180794DE2039FCD6004D3003 /* 283_MoveZeros.swift */ = {isa = PBXFileReference; lastKnownFileType = sourcecode.swift; path = 283_MoveZeros.swift; sourceTree = "<group>"; };
		180794E0203A1F94004D3003 /* 663_TwoSumIV.swift */ = {isa = PBXFileReference; lastKnownFileType = sourcecode.swift; path = 663_TwoSumIV.swift; sourceTree = "<group>"; };
		180794E2203A278E004D3003 /* 606_ConstructStringFromBinaryTree.swift */ = {isa = PBXFileReference; lastKnownFileType = sourcecode.swift; path = 606_ConstructStringFromBinaryTree.swift; sourceTree = "<group>"; };
		180794E4203A625E004D3003 /* 538_ConvertBSTtoGreaterTree.swift */ = {isa = PBXFileReference; lastKnownFileType = sourcecode.swift; path = 538_ConvertBSTtoGreaterTree.swift; sourceTree = "<group>"; };
		180794E6203A65D5004D3003 /* 122_BestTimeToBuyAndSellStockII.swift */ = {isa = PBXFileReference; lastKnownFileType = sourcecode.swift; path = 122_BestTimeToBuyAndSellStockII.swift; sourceTree = "<group>"; };
		180794E8203A6D25004D3003 /* 404_SumOfLeftLeaves.swift */ = {isa = PBXFileReference; lastKnownFileType = sourcecode.swift; path = 404_SumOfLeftLeaves.swift; sourceTree = "<group>"; };
		180794EA203A71B9004D3003 /* 242_ValidAnagram.swift */ = {isa = PBXFileReference; lastKnownFileType = sourcecode.swift; path = 242_ValidAnagram.swift; sourceTree = "<group>"; };
		180794ED203A7356004D3003 /* Extension.swift */ = {isa = PBXFileReference; lastKnownFileType = sourcecode.swift; path = Extension.swift; sourceTree = "<group>"; };
		180794EF203AA46E004D3003 /* 387_FirstUniqueCharacterInAString.swift */ = {isa = PBXFileReference; lastKnownFileType = sourcecode.swift; path = 387_FirstUniqueCharacterInAString.swift; sourceTree = "<group>"; };
		180794F1203AA967004D3003 /* 206_ReverseLinkedList.swift */ = {isa = PBXFileReference; lastKnownFileType = sourcecode.swift; path = 206_ReverseLinkedList.swift; sourceTree = "<group>"; };
		187C9878203AAD06000782AA /* 543_DiameterOfBinaryTree.swift */ = {isa = PBXFileReference; lastKnownFileType = sourcecode.swift; path = 543_DiameterOfBinaryTree.swift; sourceTree = "<group>"; };
		187C987A203AB668000782AA /* 70_ClimbingStairs.swift */ = {isa = PBXFileReference; lastKnownFileType = sourcecode.swift; path = 70_ClimbingStairs.swift; sourceTree = "<group>"; };
		187C987C203BAE87000782AA /* 257_BinaryTreePaths.swift */ = {isa = PBXFileReference; lastKnownFileType = sourcecode.swift; path = 257_BinaryTreePaths.swift; sourceTree = "<group>"; };
		187C987E203BB5EB000782AA /* 21_MergeTwoSortedLists.swift */ = {isa = PBXFileReference; lastKnownFileType = sourcecode.swift; path = 21_MergeTwoSortedLists.swift; sourceTree = "<group>"; };
		187C9880203BC038000782AA /* 572_SubtreeOfAnotherTree.swift */ = {isa = PBXFileReference; lastKnownFileType = sourcecode.swift; path = 572_SubtreeOfAnotherTree.swift; sourceTree = "<group>"; };
		18ABB4152059F0B00057CFE6 /* 78_Subsets.swift */ = {isa = PBXFileReference; lastKnownFileType = sourcecode.swift; path = 78_Subsets.swift; sourceTree = "<group>"; };
		18ABB417205A372F0057CFE6 /* 516_LongestPalindromicSubsequence.swift */ = {isa = PBXFileReference; lastKnownFileType = sourcecode.swift; path = 516_LongestPalindromicSubsequence.swift; sourceTree = "<group>"; };
		18ABB419205A5B9F0057CFE6 /* 377_CombinationSumIV.swift */ = {isa = PBXFileReference; lastKnownFileType = sourcecode.swift; path = 377_CombinationSumIV.swift; sourceTree = "<group>"; };
		18C3B3D01F232113003A327A /* LeetCodeSolution.app */ = {isa = PBXFileReference; explicitFileType = wrapper.application; includeInIndex = 0; path = LeetCodeSolution.app; sourceTree = BUILT_PRODUCTS_DIR; };
		18C3B3D31F232113003A327A /* AppDelegate.swift */ = {isa = PBXFileReference; lastKnownFileType = sourcecode.swift; path = AppDelegate.swift; sourceTree = "<group>"; };
		18C3B3D51F232113003A327A /* ViewController.swift */ = {isa = PBXFileReference; lastKnownFileType = sourcecode.swift; path = ViewController.swift; sourceTree = "<group>"; };
		18C3B3D81F232113003A327A /* Base */ = {isa = PBXFileReference; lastKnownFileType = file.storyboard; name = Base; path = Base.lproj/Main.storyboard; sourceTree = "<group>"; };
		18C3B3DB1F232113003A327A /* LeetCodeSolution.xcdatamodel */ = {isa = PBXFileReference; lastKnownFileType = wrapper.xcdatamodel; path = LeetCodeSolution.xcdatamodel; sourceTree = "<group>"; };
		18C3B3DD1F232113003A327A /* Assets.xcassets */ = {isa = PBXFileReference; lastKnownFileType = folder.assetcatalog; path = Assets.xcassets; sourceTree = "<group>"; };
		18C3B3E01F232113003A327A /* Base */ = {isa = PBXFileReference; lastKnownFileType = file.storyboard; name = Base; path = Base.lproj/LaunchScreen.storyboard; sourceTree = "<group>"; };
		18C3B3E21F232113003A327A /* Info.plist */ = {isa = PBXFileReference; lastKnownFileType = text.plist.xml; path = Info.plist; sourceTree = "<group>"; };
		18C3B3E91F232223003A327A /* LongestPalindromicSubstring.swift */ = {isa = PBXFileReference; fileEncoding = 4; lastKnownFileType = sourcecode.swift; path = LongestPalindromicSubstring.swift; sourceTree = "<group>"; };
		18C3B3EA1F232223003A327A /* 2Sum.swift */ = {isa = PBXFileReference; fileEncoding = 4; lastKnownFileType = sourcecode.swift; path = 2Sum.swift; sourceTree = "<group>"; };
		18C3B3EB1F232223003A327A /* 3Sum.swift */ = {isa = PBXFileReference; fileEncoding = 4; lastKnownFileType = sourcecode.swift; path = 3Sum.swift; sourceTree = "<group>"; };
		18C3B3EC1F232223003A327A /* LengthOfLongestSubstring.swift */ = {isa = PBXFileReference; fileEncoding = 4; lastKnownFileType = sourcecode.swift; path = LengthOfLongestSubstring.swift; sourceTree = "<group>"; };
		18C3B3ED1F232223003A327A /* AddTwoNumber.swift */ = {isa = PBXFileReference; fileEncoding = 4; lastKnownFileType = sourcecode.swift; path = AddTwoNumber.swift; sourceTree = "<group>"; };
		18C3B3EE1F232223003A327A /* StringToInteger.swift */ = {isa = PBXFileReference; fileEncoding = 4; lastKnownFileType = sourcecode.swift; path = StringToInteger.swift; sourceTree = "<group>"; };
		18C3B3EF1F232223003A327A /* LetterCombinationsOfAPhoneNumbe.swift */ = {isa = PBXFileReference; fileEncoding = 4; lastKnownFileType = sourcecode.swift; path = LetterCombinationsOfAPhoneNumbe.swift; sourceTree = "<group>"; };
		18C3B40A1F247E93003A327A /* MergeKSortedLists.swift */ = {isa = PBXFileReference; fileEncoding = 4; lastKnownFileType = sourcecode.swift; path = MergeKSortedLists.swift; sourceTree = "<group>"; };
		18C3B40C1F24810C003A327A /* Heap.swift */ = {isa = PBXFileReference; fileEncoding = 4; lastKnownFileType = sourcecode.swift; path = Heap.swift; sourceTree = "<group>"; };
		18C3B40D1F24810C003A327A /* ListNode.swift */ = {isa = PBXFileReference; fileEncoding = 4; lastKnownFileType = sourcecode.swift; path = ListNode.swift; sourceTree = "<group>"; };
		18C3B4311F250F0E003A327A /* TrappingRainWater.swift */ = {isa = PBXFileReference; fileEncoding = 4; lastKnownFileType = sourcecode.swift; path = TrappingRainWater.swift; sourceTree = "<group>"; };
		18C3B4331F255C0F003A327A /* RotateImage.swift */ = {isa = PBXFileReference; fileEncoding = 4; lastKnownFileType = sourcecode.swift; path = RotateImage.swift; sourceTree = "<group>"; };
		18C3B4351F2568F1003A327A /* GroupAnagrams.swift */ = {isa = PBXFileReference; fileEncoding = 4; lastKnownFileType = sourcecode.swift; path = GroupAnagrams.swift; sourceTree = "<group>"; };
		18C3B4371F25796C003A327A /* SetMatrixZeros.swift */ = {isa = PBXFileReference; fileEncoding = 4; lastKnownFileType = sourcecode.swift; path = SetMatrixZeros.swift; sourceTree = "<group>"; };
		18C3B4391F2580B5003A327A /* Subsets.swift */ = {isa = PBXFileReference; fileEncoding = 4; lastKnownFileType = sourcecode.swift; path = Subsets.swift; sourceTree = "<group>"; };
		18C3B43B1F25BAE1003A327A /* ValidateBinarySearchTree.swift */ = {isa = PBXFileReference; fileEncoding = 4; lastKnownFileType = sourcecode.swift; path = ValidateBinarySearchTree.swift; sourceTree = "<group>"; };
		18C3B43D1F25BB0B003A327A /* BinaryTreeNode.swift */ = {isa = PBXFileReference; fileEncoding = 4; lastKnownFileType = sourcecode.swift; path = BinaryTreeNode.swift; sourceTree = "<group>"; };
		18C3B43F1F25D92E003A327A /* PascalsTriangle.swift */ = {isa = PBXFileReference; fileEncoding = 4; lastKnownFileType = sourcecode.swift; path = PascalsTriangle.swift; sourceTree = "<group>"; };
		18C3B4411F26556A003A327A /* SubmissionDetails.swift */ = {isa = PBXFileReference; fileEncoding = 4; lastKnownFileType = sourcecode.swift; path = SubmissionDetails.swift; sourceTree = "<group>"; };
		18C3B4431F266FC0003A327A /* BestTimeToBuyAndSellStock.swift */ = {isa = PBXFileReference; fileEncoding = 4; lastKnownFileType = sourcecode.swift; path = BestTimeToBuyAndSellStock.swift; sourceTree = "<group>"; };
		18C3B4451F267FBC003A327A /* wordLadder.swift */ = {isa = PBXFileReference; fileEncoding = 4; lastKnownFileType = sourcecode.swift; path = wordLadder.swift; sourceTree = "<group>"; };
		18C3B4471F270865003A327A /* WordLadder2.swift */ = {isa = PBXFileReference; fileEncoding = 4; lastKnownFileType = sourcecode.swift; path = WordLadder2.swift; sourceTree = "<group>"; };
		18C3B4491F27C346003A327A /* WordBreak.swift */ = {isa = PBXFileReference; fileEncoding = 4; lastKnownFileType = sourcecode.swift; path = WordBreak.swift; sourceTree = "<group>"; };
		18C3B44B1F27F19B003A327A /* NumberOfIslands.swift */ = {isa = PBXFileReference; fileEncoding = 4; lastKnownFileType = sourcecode.swift; path = NumberOfIslands.swift; sourceTree = "<group>"; };
		18C3B4511F284C22003A327A /* SlidingWindowMaximum.swift */ = {isa = PBXFileReference; fileEncoding = 4; lastKnownFileType = sourcecode.swift; path = SlidingWindowMaximum.swift; sourceTree = "<group>"; };
		18C3B4571F287B40003A327A /* SearchA2DMatrix.swift */ = {isa = PBXFileReference; fileEncoding = 4; lastKnownFileType = sourcecode.swift; path = SearchA2DMatrix.swift; sourceTree = "<group>"; };
		18C3B4591F291AC7003A327A /* SearchA2DMatrix2.swift */ = {isa = PBXFileReference; fileEncoding = 4; lastKnownFileType = sourcecode.swift; path = SearchA2DMatrix2.swift; sourceTree = "<group>"; };
		18C3B45D1F294468003A327A /* KthLargestElementInAnArray.swift */ = {isa = PBXFileReference; fileEncoding = 4; lastKnownFileType = sourcecode.swift; path = KthLargestElementInAnArray.swift; sourceTree = "<group>"; };
		18C3B45F1F29ADD3003A327A /* TwoSumInputArraySorted.swift */ = {isa = PBXFileReference; fileEncoding = 4; lastKnownFileType = sourcecode.swift; path = TwoSumInputArraySorted.swift; sourceTree = "<group>"; };
		18C3B4671F2B9817003A327A /* BinaryTreeRightSideView.swift */ = {isa = PBXFileReference; fileEncoding = 4; lastKnownFileType = sourcecode.swift; path = BinaryTreeRightSideView.swift; sourceTree = "<group>"; };
		18C3B4691F2BB161003A327A /* LongestPalidromicSubsequence.swift */ = {isa = PBXFileReference; fileEncoding = 4; lastKnownFileType = sourcecode.swift; path = LongestPalidromicSubsequence.swift; sourceTree = "<group>"; };
		18C3B46C1F2C50FE003A327A /* RotateFunction.swift */ = {isa = PBXFileReference; fileEncoding = 4; lastKnownFileType = sourcecode.swift; path = RotateFunction.swift; sourceTree = "<group>"; };
		18C3B46E1F2CEEF2003A327A /* KdiffPairsInAnArray.swift */ = {isa = PBXFileReference; fileEncoding = 4; lastKnownFileType = sourcecode.swift; path = KdiffPairsInAnArray.swift; sourceTree = "<group>"; };
		18C3B4701F2D1AFB003A327A /* Minesweeper.swift */ = {isa = PBXFileReference; fileEncoding = 4; lastKnownFileType = sourcecode.swift; path = Minesweeper.swift; sourceTree = "<group>"; };
		18C3B4791F2E6361003A327A /* SuperWashingMachines.swift */ = {isa = PBXFileReference; fileEncoding = 4; lastKnownFileType = sourcecode.swift; path = SuperWashingMachines.swift; sourceTree = "<group>"; };
		18C3B47B1F2E69CD003A327A /* OptimalDivision.swift */ = {isa = PBXFileReference; fileEncoding = 4; lastKnownFileType = sourcecode.swift; path = OptimalDivision.swift; sourceTree = "<group>"; };
		18C3B4851F2EB30D003A327A /* SolveTheEquation.swift */ = {isa = PBXFileReference; fileEncoding = 4; lastKnownFileType = sourcecode.swift; path = SolveTheEquation.swift; sourceTree = "<group>"; };
		18CB75A720054942000E8549 /* Dungeon.swift */ = {isa = PBXFileReference; lastKnownFileType = sourcecode.swift; path = Dungeon.swift; sourceTree = "<group>"; };
		18D8F1E220588D9800BC70A8 /* 46_Permutations.swift */ = {isa = PBXFileReference; lastKnownFileType = sourcecode.swift; path = 46_Permutations.swift; sourceTree = "<group>"; };
		18D8F1E42058995900BC70A8 /* 554_BrickWall.swift */ = {isa = PBXFileReference; lastKnownFileType = sourcecode.swift; path = 554_BrickWall.swift; sourceTree = "<group>"; };
		18D8F1E62058AC8600BC70A8 /* 650_2KeysKeyboard.swift */ = {isa = PBXFileReference; lastKnownFileType = sourcecode.swift; path = 650_2KeysKeyboard.swift; sourceTree = "<group>"; };
		18D8F1E82058C70D00BC70A8 /* 392_IsSubsequence.swift */ = {isa = PBXFileReference; lastKnownFileType = sourcecode.swift; path = 392_IsSubsequence.swift; sourceTree = "<group>"; };
		18D8F1EA2059070500BC70A8 /* 337_HouseRobberIII.swift */ = {isa = PBXFileReference; lastKnownFileType = sourcecode.swift; path = 337_HouseRobberIII.swift; sourceTree = "<group>"; };
		18E6EA1720579B5200C64E1B /* 413_ArithmeticSlices.swift */ = {isa = PBXFileReference; lastKnownFileType = sourcecode.swift; path = 413_ArithmeticSlices.swift; sourceTree = "<group>"; };
		18E6EA192057A49A00C64E1B /* 508_MostFrequentSubtreeSum.swift */ = {isa = PBXFileReference; lastKnownFileType = sourcecode.swift; path = 508_MostFrequentSubtreeSum.swift; sourceTree = "<group>"; };
		18E6EA1B2057B0DA00C64E1B /* 451_SortCharactersByFrequency.swift */ = {isa = PBXFileReference; lastKnownFileType = sourcecode.swift; path = 451_SortCharactersByFrequency.swift; sourceTree = "<group>"; };
		18E6EA1D205865D600C64E1B /* 238_ProductOfArrayExceptSelf.swift */ = {isa = PBXFileReference; lastKnownFileType = sourcecode.swift; path = 238_ProductOfArrayExceptSelf.swift; sourceTree = "<group>"; };
		18E6EA1F205869C300C64E1B /* 477_TotalHammingDistance.swift */ = {isa = PBXFileReference; lastKnownFileType = sourcecode.swift; path = 477_TotalHammingDistance.swift; sourceTree = "<group>"; };
		18E6EA212058849400C64E1B /* 22_GenerateParentheses.swift */ = {isa = PBXFileReference; lastKnownFileType = sourcecode.swift; path = 22_GenerateParentheses.swift; sourceTree = "<group>"; };
		18E917F5204296CF00B8E57B /* 53_MaximumSubarray.swift */ = {isa = PBXFileReference; lastKnownFileType = sourcecode.swift; path = 53_MaximumSubarray.swift; sourceTree = "<group>"; };
		18E917F720429F2E00B8E57B /* 101_SymmetricTree.swift */ = {isa = PBXFileReference; lastKnownFileType = sourcecode.swift; path = 101_SymmetricTree.swift; sourceTree = "<group>"; };
		18E917F92042A45E00B8E57B /* 198_HouseRobber.swift */ = {isa = PBXFileReference; lastKnownFileType = sourcecode.swift; path = 198_HouseRobber.swift; sourceTree = "<group>"; };
		18E917FB20436FF300B8E57B /* 459_RepeatedSubstringPattern.swift */ = {isa = PBXFileReference; lastKnownFileType = sourcecode.swift; path = 459_RepeatedSubstringPattern.swift; sourceTree = "<group>"; };
		18E917FD2046307600B8E57B /* 38_CountAndSay.swift */ = {isa = PBXFileReference; lastKnownFileType = sourcecode.swift; path = 38_CountAndSay.swift; sourceTree = "<group>"; };
		18E918652049534F00B8E57B /* 438_FindAllAnagramsInAString.swift */ = {isa = PBXFileReference; lastKnownFileType = sourcecode.swift; path = 438_FindAllAnagramsInAString.swift; sourceTree = "<group>"; };
		18E91867204A58D600B8E57B /* 20_ValidParentheses.swift */ = {isa = PBXFileReference; lastKnownFileType = sourcecode.swift; path = 20_ValidParentheses.swift; sourceTree = "<group>"; };
		18E91869204BE1FB00B8E57B /* 234_PalindromeLinkedList.swift */ = {isa = PBXFileReference; lastKnownFileType = sourcecode.swift; path = 234_PalindromeLinkedList.swift; sourceTree = "<group>"; };
		18E9186B204BE90000B8E57B /* 88_MergeSortArray.swift */ = {isa = PBXFileReference; lastKnownFileType = sourcecode.swift; path = 88_MergeSortArray.swift; sourceTree = "<group>"; };
		18E9186D204BF41400B8E57B /* 14_LongestCommonPrefix.swift */ = {isa = PBXFileReference; lastKnownFileType = sourcecode.swift; path = 14_LongestCommonPrefix.swift; sourceTree = "<group>"; };
		18E9186F204CE60400B8E57B /* 28_ImplementStrStr().swift */ = {isa = PBXFileReference; lastKnownFileType = sourcecode.swift; path = "28_ImplementStrStr().swift"; sourceTree = "<group>"; };
		18E91871204E760B00B8E57B /* 69_Sqrt(x).swift */ = {isa = PBXFileReference; lastKnownFileType = sourcecode.swift; path = "69_Sqrt(x).swift"; sourceTree = "<group>"; };
		18E91873204E7F3700B8E57B /* 414_ThirdMaximumNumber.swift */ = {isa = PBXFileReference; lastKnownFileType = sourcecode.swift; path = 414_ThirdMaximumNumber.swift; sourceTree = "<group>"; };
		18E91875204FC43300B8E57B /* 168_ExcelSheetColumnTitle.swift */ = {isa = PBXFileReference; lastKnownFileType = sourcecode.swift; path = 168_ExcelSheetColumnTitle.swift; sourceTree = "<group>"; };
		18E91879204FD57C00B8E57B /* 125_ValidPalindrome.swift */ = {isa = PBXFileReference; lastKnownFileType = sourcecode.swift; path = 125_ValidPalindrome.swift; sourceTree = "<group>"; };
		18E9187B205115AA00B8E57B /* 204_CountPrimes.swift */ = {isa = PBXFileReference; lastKnownFileType = sourcecode.swift; path = 204_CountPrimes.swift; sourceTree = "<group>"; };
		18E9187D20511E4800B8E57B /* 7_ReverseInteger.swift */ = {isa = PBXFileReference; lastKnownFileType = sourcecode.swift; path = 7_ReverseInteger.swift; sourceTree = "<group>"; };
		18E9187F2051300B00B8E57B /* 665_Non-decreasingArray.swift */ = {isa = PBXFileReference; lastKnownFileType = sourcecode.swift; path = "665_Non-decreasingArray.swift"; sourceTree = "<group>"; };
		18E918812051B6DA00B8E57B /* 537_ComplexNumberMultiplication.swift */ = {isa = PBXFileReference; lastKnownFileType = sourcecode.swift; path = 537_ComplexNumberMultiplication.swift; sourceTree = "<group>"; };
/* End PBXFileReference section */

/* Begin PBXFrameworksBuildPhase section */
		18C3B3CD1F232113003A327A /* Frameworks */ = {
			isa = PBXFrameworksBuildPhase;
			buildActionMask = 2147483647;
			files = (
			);
			runOnlyForDeploymentPostprocessing = 0;
		};
/* End PBXFrameworksBuildPhase section */

/* Begin PBXGroup section */
		180794D42038CDC4004D3003 /* HashTable */ = {
			isa = PBXGroup;
			children = (
				180794D22038CD66004D3003 /* 771_JewelsAndStones.swift */,
			);
			name = HashTable;
			sourceTree = "<group>";
		};
		180794D920396357004D3003 /* Tree */ = {
			isa = PBXGroup;
			children = (
				180794D7203962AF004D3003 /* 617_MergeTwoBinaryTrees.swift */,
				180794DC20396DC0004D3003 /* 637_AverageOfLevelsInBinaryTree.swift */,
			);
			path = Tree;
			sourceTree = "<group>";
		};
		180794EC203A7330004D3003 /* Extension */ = {
			isa = PBXGroup;
			children = (
				180794ED203A7356004D3003 /* Extension.swift */,
			);
			name = Extension;
			sourceTree = "<group>";
		};
		18C3B3C71F232113003A327A = {
			isa = PBXGroup;
			children = (
				18ABB419205A5B9F0057CFE6 /* 377_CombinationSumIV.swift */,
				18ABB417205A372F0057CFE6 /* 516_LongestPalindromicSubsequence.swift */,
				18ABB4152059F0B00057CFE6 /* 78_Subsets.swift */,
				18D8F1EA2059070500BC70A8 /* 337_HouseRobberIII.swift */,
				18D8F1E82058C70D00BC70A8 /* 392_IsSubsequence.swift */,
				18D8F1E62058AC8600BC70A8 /* 650_2KeysKeyboard.swift */,
				18D8F1E42058995900BC70A8 /* 554_BrickWall.swift */,
				18D8F1E220588D9800BC70A8 /* 46_Permutations.swift */,
				18E6EA212058849400C64E1B /* 22_GenerateParentheses.swift */,
				18E6EA1F205869C300C64E1B /* 477_TotalHammingDistance.swift */,
				18E6EA1D205865D600C64E1B /* 238_ProductOfArrayExceptSelf.swift */,
				18E6EA1B2057B0DA00C64E1B /* 451_SortCharactersByFrequency.swift */,
				18E6EA192057A49A00C64E1B /* 508_MostFrequentSubtreeSum.swift */,
				18E6EA1720579B5200C64E1B /* 413_ArithmeticSlices.swift */,
				18E918812051B6DA00B8E57B /* 537_ComplexNumberMultiplication.swift */,
				18E9187F2051300B00B8E57B /* 665_Non-decreasingArray.swift */,
				18E9187D20511E4800B8E57B /* 7_ReverseInteger.swift */,
				18E9187B205115AA00B8E57B /* 204_CountPrimes.swift */,
				18E91879204FD57C00B8E57B /* 125_ValidPalindrome.swift */,
				18E91875204FC43300B8E57B /* 168_ExcelSheetColumnTitle.swift */,
				18E91873204E7F3700B8E57B /* 414_ThirdMaximumNumber.swift */,
				18E91871204E760B00B8E57B /* 69_Sqrt(x).swift */,
				18E9186F204CE60400B8E57B /* 28_ImplementStrStr().swift */,
				18E9186D204BF41400B8E57B /* 14_LongestCommonPrefix.swift */,
				18E9186B204BE90000B8E57B /* 88_MergeSortArray.swift */,
				18E91869204BE1FB00B8E57B /* 234_PalindromeLinkedList.swift */,
				18E91867204A58D600B8E57B /* 20_ValidParentheses.swift */,
				18E918652049534F00B8E57B /* 438_FindAllAnagramsInAString.swift */,
				18E917FD2046307600B8E57B /* 38_CountAndSay.swift */,
				18E917FB20436FF300B8E57B /* 459_RepeatedSubstringPattern.swift */,
				18E917F92042A45E00B8E57B /* 198_HouseRobber.swift */,
				18E917F720429F2E00B8E57B /* 101_SymmetricTree.swift */,
				18E917F5204296CF00B8E57B /* 53_MaximumSubarray.swift */,
				187C9880203BC038000782AA /* 572_SubtreeOfAnotherTree.swift */,
				187C987E203BB5EB000782AA /* 21_MergeTwoSortedLists.swift */,
				187C987C203BAE87000782AA /* 257_BinaryTreePaths.swift */,
				187C987A203AB668000782AA /* 70_ClimbingStairs.swift */,
				187C9878203AAD06000782AA /* 543_DiameterOfBinaryTree.swift */,
				180794F1203AA967004D3003 /* 206_ReverseLinkedList.swift */,
				180794EF203AA46E004D3003 /* 387_FirstUniqueCharacterInAString.swift */,
				180794EA203A71B9004D3003 /* 242_ValidAnagram.swift */,
				180794E8203A6D25004D3003 /* 404_SumOfLeftLeaves.swift */,
				180794E6203A65D5004D3003 /* 122_BestTimeToBuyAndSellStockII.swift */,
				180794E4203A625E004D3003 /* 538_ConvertBSTtoGreaterTree.swift */,
				180794E2203A278E004D3003 /* 606_ConstructStringFromBinaryTree.swift */,
				180794E0203A1F94004D3003 /* 663_TwoSumIV.swift */,
				180794DE2039FCD6004D3003 /* 283_MoveZeros.swift */,
				180794D520391B14004D3003 /* 657_JudgeRouteCircle.swift */,
				18C3B3D21F232113003A327A /* LeetCodeSolution */,
				18C3B3D11F232113003A327A /* Products */,
			);
			sourceTree = "<group>";
		};
		18C3B3D11F232113003A327A /* Products */ = {
			isa = PBXGroup;
			children = (
				18C3B3D01F232113003A327A /* LeetCodeSolution.app */,
			);
			name = Products;
			sourceTree = "<group>";
		};
		18C3B3D21F232113003A327A /* LeetCodeSolution */ = {
			isa = PBXGroup;
			children = (
				180794D920396357004D3003 /* Tree */,
				180794D42038CDC4004D3003 /* HashTable */,
				18C3B4011F243ED2003A327A /* Data Structure */,
				180794EC203A7330004D3003 /* Extension */,
				18C3B3E81F23212D003A327A /* Supporting Files */,
				18C3B3E91F232223003A327A /* LongestPalindromicSubstring.swift */,
				18C3B3EA1F232223003A327A /* 2Sum.swift */,
				18C3B3EB1F232223003A327A /* 3Sum.swift */,
				18C3B3EC1F232223003A327A /* LengthOfLongestSubstring.swift */,
				18C3B3ED1F232223003A327A /* AddTwoNumber.swift */,
				18C3B3EE1F232223003A327A /* StringToInteger.swift */,
				18C3B3EF1F232223003A327A /* LetterCombinationsOfAPhoneNumbe.swift */,
				18C3B40A1F247E93003A327A /* MergeKSortedLists.swift */,
				18C3B4311F250F0E003A327A /* TrappingRainWater.swift */,
				18C3B4331F255C0F003A327A /* RotateImage.swift */,
				18C3B4351F2568F1003A327A /* GroupAnagrams.swift */,
				18C3B4371F25796C003A327A /* SetMatrixZeros.swift */,
				18C3B4391F2580B5003A327A /* Subsets.swift */,
				18C3B43B1F25BAE1003A327A /* ValidateBinarySearchTree.swift */,
				18C3B43F1F25D92E003A327A /* PascalsTriangle.swift */,
				18C3B4411F26556A003A327A /* SubmissionDetails.swift */,
				18C3B4431F266FC0003A327A /* BestTimeToBuyAndSellStock.swift */,
				18C3B4451F267FBC003A327A /* wordLadder.swift */,
				18C3B4471F270865003A327A /* WordLadder2.swift */,
				18C3B4491F27C346003A327A /* WordBreak.swift */,
				18C3B44B1F27F19B003A327A /* NumberOfIslands.swift */,
				18C3B4511F284C22003A327A /* SlidingWindowMaximum.swift */,
				18C3B4571F287B40003A327A /* SearchA2DMatrix.swift */,
				18C3B4591F291AC7003A327A /* SearchA2DMatrix2.swift */,
				18C3B45D1F294468003A327A /* KthLargestElementInAnArray.swift */,
				18C3B45F1F29ADD3003A327A /* TwoSumInputArraySorted.swift */,
				18C3B4671F2B9817003A327A /* BinaryTreeRightSideView.swift */,
				18C3B4691F2BB161003A327A /* LongestPalidromicSubsequence.swift */,
				18C3B46C1F2C50FE003A327A /* RotateFunction.swift */,
				18C3B46E1F2CEEF2003A327A /* KdiffPairsInAnArray.swift */,
				18C3B4701F2D1AFB003A327A /* Minesweeper.swift */,
				18C3B4791F2E6361003A327A /* SuperWashingMachines.swift */,
				18C3B47B1F2E69CD003A327A /* OptimalDivision.swift */,
				18C3B4851F2EB30D003A327A /* SolveTheEquation.swift */,
			);
			path = LeetCodeSolution;
			sourceTree = "<group>";
		};
		18C3B3E81F23212D003A327A /* Supporting Files */ = {
			isa = PBXGroup;
			children = (
				18C3B3D51F232113003A327A /* ViewController.swift */,
				18C3B3D31F232113003A327A /* AppDelegate.swift */,
				18C3B3D71F232113003A327A /* Main.storyboard */,
				18C3B3DD1F232113003A327A /* Assets.xcassets */,
				18C3B3DF1F232113003A327A /* LaunchScreen.storyboard */,
				18C3B3E21F232113003A327A /* Info.plist */,
				18C3B3DA1F232113003A327A /* LeetCodeSolution.xcdatamodeld */,
				18CB75A720054942000E8549 /* Dungeon.swift */,
			);
			name = "Supporting Files";
			sourceTree = "<group>";
		};
		18C3B4011F243ED2003A327A /* Data Structure */ = {
			isa = PBXGroup;
			children = (
				18C3B40C1F24810C003A327A /* Heap.swift */,
				18C3B40D1F24810C003A327A /* ListNode.swift */,
				18C3B43D1F25BB0B003A327A /* BinaryTreeNode.swift */,
				180794DA2039650F004D3003 /* Queue.swift */,
			);
			name = "Data Structure";
			sourceTree = "<group>";
		};
/* End PBXGroup section */

/* Begin PBXNativeTarget section */
		18C3B3CF1F232113003A327A /* LeetCodeSolution */ = {
			isa = PBXNativeTarget;
			buildConfigurationList = 18C3B3E51F232113003A327A /* Build configuration list for PBXNativeTarget "LeetCodeSolution" */;
			buildPhases = (
				18C3B3CC1F232113003A327A /* Sources */,
				18C3B3CD1F232113003A327A /* Frameworks */,
				18C3B3CE1F232113003A327A /* Resources */,
			);
			buildRules = (
			);
			dependencies = (
			);
			name = LeetCodeSolution;
			productName = LeetCodeSolution;
			productReference = 18C3B3D01F232113003A327A /* LeetCodeSolution.app */;
			productType = "com.apple.product-type.application";
		};
/* End PBXNativeTarget section */

/* Begin PBXProject section */
		18C3B3C81F232113003A327A /* Project object */ = {
			isa = PBXProject;
			attributes = {
				LastSwiftUpdateCheck = 0830;
				LastUpgradeCheck = 0830;
				ORGANIZATIONNAME = greatwall;
				TargetAttributes = {
					18C3B3CF1F232113003A327A = {
						CreatedOnToolsVersion = 8.3.2;
						DevelopmentTeam = W2MFT9HK9F;
						ProvisioningStyle = Automatic;
					};
				};
			};
			buildConfigurationList = 18C3B3CB1F232113003A327A /* Build configuration list for PBXProject "LeetCodeSolution" */;
			compatibilityVersion = "Xcode 3.2";
			developmentRegion = English;
			hasScannedForEncodings = 0;
			knownRegions = (
				en,
				Base,
			);
			mainGroup = 18C3B3C71F232113003A327A;
			productRefGroup = 18C3B3D11F232113003A327A /* Products */;
			projectDirPath = "";
			projectRoot = "";
			targets = (
				18C3B3CF1F232113003A327A /* LeetCodeSolution */,
			);
		};
/* End PBXProject section */

/* Begin PBXResourcesBuildPhase section */
		18C3B3CE1F232113003A327A /* Resources */ = {
			isa = PBXResourcesBuildPhase;
			buildActionMask = 2147483647;
			files = (
				18C3B3E11F232113003A327A /* LaunchScreen.storyboard in Resources */,
				18C3B3DE1F232113003A327A /* Assets.xcassets in Resources */,
				18C3B3D91F232113003A327A /* Main.storyboard in Resources */,
			);
			runOnlyForDeploymentPostprocessing = 0;
		};
/* End PBXResourcesBuildPhase section */

/* Begin PBXSourcesBuildPhase section */
		18C3B3CC1F232113003A327A /* Sources */ = {
			isa = PBXSourcesBuildPhase;
			buildActionMask = 2147483647;
			files = (
				18C3B3F21F232223003A327A /* 2Sum.swift in Sources */,
				18E6EA1820579B5200C64E1B /* 413_ArithmeticSlices.swift in Sources */,
				18E6EA20205869C300C64E1B /* 477_TotalHammingDistance.swift in Sources */,
				18E918822051B6DA00B8E57B /* 537_ComplexNumberMultiplication.swift in Sources */,
				18C3B47C1F2E69CD003A327A /* OptimalDivision.swift in Sources */,
				180794E3203A278E004D3003 /* 606_ConstructStringFromBinaryTree.swift in Sources */,
				18C3B43A1F2580B5003A327A /* Subsets.swift in Sources */,
				18E9187C205115AA00B8E57B /* 204_CountPrimes.swift in Sources */,
				18E9187E20511E4800B8E57B /* 7_ReverseInteger.swift in Sources */,
				18E917FC20436FF300B8E57B /* 459_RepeatedSubstringPattern.swift in Sources */,
				18E6EA1A2057A49A00C64E1B /* 508_MostFrequentSubtreeSum.swift in Sources */,
				180794DF2039FCD6004D3003 /* 283_MoveZeros.swift in Sources */,
				180794E5203A625E004D3003 /* 538_ConvertBSTtoGreaterTree.swift in Sources */,
				18C3B43E1F25BB0B003A327A /* BinaryTreeNode.swift in Sources */,
				18C3B3F51F232223003A327A /* AddTwoNumber.swift in Sources */,
				18C3B4381F25796C003A327A /* SetMatrixZeros.swift in Sources */,
				187C9879203AAD06000782AA /* 543_DiameterOfBinaryTree.swift in Sources */,
				18C3B4601F29ADD3003A327A /* TwoSumInputArraySorted.swift in Sources */,
				180794D620391B14004D3003 /* 657_JudgeRouteCircle.swift in Sources */,
				18E6EA222058849400C64E1B /* 22_GenerateParentheses.swift in Sources */,
				18C3B4861F2EB30D003A327A /* SolveTheEquation.swift in Sources */,
				18E6EA1E205865D600C64E1B /* 238_ProductOfArrayExceptSelf.swift in Sources */,
				18D8F1E52058995900BC70A8 /* 554_BrickWall.swift in Sources */,
				180794E9203A6D25004D3003 /* 404_SumOfLeftLeaves.swift in Sources */,
				18ABB418205A372F0057CFE6 /* 516_LongestPalindromicSubsequence.swift in Sources */,
				180794EE203A7356004D3003 /* Extension.swift in Sources */,
				18C3B4341F255C0F003A327A /* RotateImage.swift in Sources */,
				18C3B3DC1F232113003A327A /* LeetCodeSolution.xcdatamodeld in Sources */,
				18C3B3F71F232223003A327A /* LetterCombinationsOfAPhoneNumbe.swift in Sources */,
				18C3B43C1F25BAE1003A327A /* ValidateBinarySearchTree.swift in Sources */,
				18C3B45A1F291AC7003A327A /* SearchA2DMatrix2.swift in Sources */,
				18C3B4321F250F0E003A327A /* TrappingRainWater.swift in Sources */,
				18C3B44C1F27F19B003A327A /* NumberOfIslands.swift in Sources */,
				18C3B45E1F294468003A327A /* KthLargestElementInAnArray.swift in Sources */,
				180794F0203AA46E004D3003 /* 387_FirstUniqueCharacterInAString.swift in Sources */,
				180794E1203A1F94004D3003 /* 663_TwoSumIV.swift in Sources */,
				180794D32038CD66004D3003 /* 771_JewelsAndStones.swift in Sources */,
				18E917FA2042A45E00B8E57B /* 198_HouseRobber.swift in Sources */,
				18C3B3F11F232223003A327A /* LongestPalindromicSubstring.swift in Sources */,
				18E91874204E7F3700B8E57B /* 414_ThirdMaximumNumber.swift in Sources */,
				18C3B3D61F232113003A327A /* ViewController.swift in Sources */,
				180794DD20396DC0004D3003 /* 637_AverageOfLevelsInBinaryTree.swift in Sources */,
				18E91868204A58D600B8E57B /* 20_ValidParentheses.swift in Sources */,
				18D8F1E92058C70D00BC70A8 /* 392_IsSubsequence.swift in Sources */,
				18E91872204E760B00B8E57B /* 69_Sqrt(x).swift in Sources */,
				18C3B4481F270865003A327A /* WordLadder2.swift in Sources */,
				18C3B4421F26556A003A327A /* SubmissionDetails.swift in Sources */,
				187C987B203AB668000782AA /* 70_ClimbingStairs.swift in Sources */,
				18CB75A820054942000E8549 /* Dungeon.swift in Sources */,
				18C3B4681F2B9817003A327A /* BinaryTreeRightSideView.swift in Sources */,
				18C3B40E1F24810C003A327A /* Heap.swift in Sources */,
				18E91876204FC43300B8E57B /* 168_ExcelSheetColumnTitle.swift in Sources */,
				18ABB41A205A5B9F0057CFE6 /* 377_CombinationSumIV.swift in Sources */,
				18E91870204CE60400B8E57B /* 28_ImplementStrStr().swift in Sources */,
				18C3B47A1F2E6361003A327A /* SuperWashingMachines.swift in Sources */,
				18C3B3D41F232113003A327A /* AppDelegate.swift in Sources */,
				18E9186C204BE90000B8E57B /* 88_MergeSortArray.swift in Sources */,
				18E9186A204BE1FB00B8E57B /* 234_PalindromeLinkedList.swift in Sources */,
				18C3B3F41F232223003A327A /* LengthOfLongestSubstring.swift in Sources */,
				18D8F1E320588D9800BC70A8 /* 46_Permutations.swift in Sources */,
				18C3B4441F266FC0003A327A /* BestTimeToBuyAndSellStock.swift in Sources */,
				18C3B3F61F232223003A327A /* StringToInteger.swift in Sources */,
				18C3B4521F284C22003A327A /* SlidingWindowMaximum.swift in Sources */,
				180794D8203962AF004D3003 /* 617_MergeTwoBinaryTrees.swift in Sources */,
				18E917F6204296CF00B8E57B /* 53_MaximumSubarray.swift in Sources */,
				18C3B44A1F27C346003A327A /* WordBreak.swift in Sources */,
				18E9186E204BF41400B8E57B /* 14_LongestCommonPrefix.swift in Sources */,
				18C3B40F1F24810C003A327A /* ListNode.swift in Sources */,
				18C3B3F31F232223003A327A /* 3Sum.swift in Sources */,
				18C3B4401F25D92E003A327A /* PascalsTriangle.swift in Sources */,
				18C3B4461F267FBC003A327A /* wordLadder.swift in Sources */,
				18E918662049534F00B8E57B /* 438_FindAllAnagramsInAString.swift in Sources */,
				187C987D203BAE87000782AA /* 257_BinaryTreePaths.swift in Sources */,
				18E918802051300B00B8E57B /* 665_Non-decreasingArray.swift in Sources */,
				18E6EA1C2057B0DA00C64E1B /* 451_SortCharactersByFrequency.swift in Sources */,
				18C3B46F1F2CEEF2003A327A /* KdiffPairsInAnArray.swift in Sources */,
				18C3B46A1F2BB161003A327A /* LongestPalidromicSubsequence.swift in Sources */,
				18E9187A204FD57C00B8E57B /* 125_ValidPalindrome.swift in Sources */,
				18D8F1E72058AC8600BC70A8 /* 650_2KeysKeyboard.swift in Sources */,
				18C3B46D1F2C50FE003A327A /* RotateFunction.swift in Sources */,
				18C3B4711F2D1AFB003A327A /* Minesweeper.swift in Sources */,
				180794E7203A65D5004D3003 /* 122_BestTimeToBuyAndSellStockII.swift in Sources */,
				18C3B40B1F247E93003A327A /* MergeKSortedLists.swift in Sources */,
				187C9881203BC038000782AA /* 572_SubtreeOfAnotherTree.swift in Sources */,
				18ABB4162059F0B00057CFE6 /* 78_Subsets.swift in Sources */,
				18C3B4581F287B40003A327A /* SearchA2DMatrix.swift in Sources */,
				18E917F820429F2E00B8E57B /* 101_SymmetricTree.swift in Sources */,
				180794EB203A71B9004D3003 /* 242_ValidAnagram.swift in Sources */,
				18D8F1EB2059070500BC70A8 /* 337_HouseRobberIII.swift in Sources */,
				180794DB2039650F004D3003 /* Queue.swift in Sources */,
				18E917FE2046307600B8E57B /* 38_CountAndSay.swift in Sources */,
				187C987F203BB5EB000782AA /* 21_MergeTwoSortedLists.swift in Sources */,
				18C3B4361F2568F1003A327A /* GroupAnagrams.swift in Sources */,
				180794F2203AA967004D3003 /* 206_ReverseLinkedList.swift in Sources */,
			);
			runOnlyForDeploymentPostprocessing = 0;
		};
/* End PBXSourcesBuildPhase section */

/* Begin PBXVariantGroup section */
		18C3B3D71F232113003A327A /* Main.storyboard */ = {
			isa = PBXVariantGroup;
			children = (
				18C3B3D81F232113003A327A /* Base */,
			);
			name = Main.storyboard;
			sourceTree = "<group>";
		};
		18C3B3DF1F232113003A327A /* LaunchScreen.storyboard */ = {
			isa = PBXVariantGroup;
			children = (
				18C3B3E01F232113003A327A /* Base */,
			);
			name = LaunchScreen.storyboard;
			sourceTree = "<group>";
		};
/* End PBXVariantGroup section */

/* Begin XCBuildConfiguration section */
		18C3B3E31F232113003A327A /* Debug */ = {
			isa = XCBuildConfiguration;
			buildSettings = {
				ALWAYS_SEARCH_USER_PATHS = NO;
				CLANG_ANALYZER_NONNULL = YES;
				CLANG_ANALYZER_NUMBER_OBJECT_CONVERSION = YES_AGGRESSIVE;
				CLANG_CXX_LANGUAGE_STANDARD = "gnu++0x";
				CLANG_CXX_LIBRARY = "libc++";
				CLANG_ENABLE_MODULES = YES;
				CLANG_ENABLE_OBJC_ARC = YES;
				CLANG_WARN_BOOL_CONVERSION = YES;
				CLANG_WARN_CONSTANT_CONVERSION = YES;
				CLANG_WARN_DIRECT_OBJC_ISA_USAGE = YES_ERROR;
				CLANG_WARN_DOCUMENTATION_COMMENTS = YES;
				CLANG_WARN_EMPTY_BODY = YES;
				CLANG_WARN_ENUM_CONVERSION = YES;
				CLANG_WARN_INFINITE_RECURSION = YES;
				CLANG_WARN_INT_CONVERSION = YES;
				CLANG_WARN_OBJC_ROOT_CLASS = YES_ERROR;
				CLANG_WARN_SUSPICIOUS_MOVE = YES;
				CLANG_WARN_UNREACHABLE_CODE = YES;
				CLANG_WARN__DUPLICATE_METHOD_MATCH = YES;
				"CODE_SIGN_IDENTITY[sdk=iphoneos*]" = "iPhone Developer";
				COPY_PHASE_STRIP = NO;
				DEBUG_INFORMATION_FORMAT = dwarf;
				ENABLE_STRICT_OBJC_MSGSEND = YES;
				ENABLE_TESTABILITY = YES;
				GCC_C_LANGUAGE_STANDARD = gnu99;
				GCC_DYNAMIC_NO_PIC = NO;
				GCC_NO_COMMON_BLOCKS = YES;
				GCC_OPTIMIZATION_LEVEL = 0;
				GCC_PREPROCESSOR_DEFINITIONS = (
					"DEBUG=1",
					"$(inherited)",
				);
				GCC_WARN_64_TO_32_BIT_CONVERSION = YES;
				GCC_WARN_ABOUT_RETURN_TYPE = YES_ERROR;
				GCC_WARN_UNDECLARED_SELECTOR = YES;
				GCC_WARN_UNINITIALIZED_AUTOS = YES_AGGRESSIVE;
				GCC_WARN_UNUSED_FUNCTION = YES;
				GCC_WARN_UNUSED_VARIABLE = YES;
				IPHONEOS_DEPLOYMENT_TARGET = 10.3;
				MTL_ENABLE_DEBUG_INFO = YES;
				ONLY_ACTIVE_ARCH = YES;
				SDKROOT = iphoneos;
				SWIFT_ACTIVE_COMPILATION_CONDITIONS = DEBUG;
				SWIFT_OPTIMIZATION_LEVEL = "-Onone";
			};
			name = Debug;
		};
		18C3B3E41F232113003A327A /* Release */ = {
			isa = XCBuildConfiguration;
			buildSettings = {
				ALWAYS_SEARCH_USER_PATHS = NO;
				CLANG_ANALYZER_NONNULL = YES;
				CLANG_ANALYZER_NUMBER_OBJECT_CONVERSION = YES_AGGRESSIVE;
				CLANG_CXX_LANGUAGE_STANDARD = "gnu++0x";
				CLANG_CXX_LIBRARY = "libc++";
				CLANG_ENABLE_MODULES = YES;
				CLANG_ENABLE_OBJC_ARC = YES;
				CLANG_WARN_BOOL_CONVERSION = YES;
				CLANG_WARN_CONSTANT_CONVERSION = YES;
				CLANG_WARN_DIRECT_OBJC_ISA_USAGE = YES_ERROR;
				CLANG_WARN_DOCUMENTATION_COMMENTS = YES;
				CLANG_WARN_EMPTY_BODY = YES;
				CLANG_WARN_ENUM_CONVERSION = YES;
				CLANG_WARN_INFINITE_RECURSION = YES;
				CLANG_WARN_INT_CONVERSION = YES;
				CLANG_WARN_OBJC_ROOT_CLASS = YES_ERROR;
				CLANG_WARN_SUSPICIOUS_MOVE = YES;
				CLANG_WARN_UNREACHABLE_CODE = YES;
				CLANG_WARN__DUPLICATE_METHOD_MATCH = YES;
				"CODE_SIGN_IDENTITY[sdk=iphoneos*]" = "iPhone Developer";
				COPY_PHASE_STRIP = NO;
				DEBUG_INFORMATION_FORMAT = "dwarf-with-dsym";
				ENABLE_NS_ASSERTIONS = NO;
				ENABLE_STRICT_OBJC_MSGSEND = YES;
				GCC_C_LANGUAGE_STANDARD = gnu99;
				GCC_NO_COMMON_BLOCKS = YES;
				GCC_WARN_64_TO_32_BIT_CONVERSION = YES;
				GCC_WARN_ABOUT_RETURN_TYPE = YES_ERROR;
				GCC_WARN_UNDECLARED_SELECTOR = YES;
				GCC_WARN_UNINITIALIZED_AUTOS = YES_AGGRESSIVE;
				GCC_WARN_UNUSED_FUNCTION = YES;
				GCC_WARN_UNUSED_VARIABLE = YES;
				IPHONEOS_DEPLOYMENT_TARGET = 10.3;
				MTL_ENABLE_DEBUG_INFO = NO;
				SDKROOT = iphoneos;
				SWIFT_OPTIMIZATION_LEVEL = "-Owholemodule";
				VALIDATE_PRODUCT = YES;
			};
			name = Release;
		};
		18C3B3E61F232113003A327A /* Debug */ = {
			isa = XCBuildConfiguration;
			buildSettings = {
				ASSETCATALOG_COMPILER_APPICON_NAME = AppIcon;
				DEVELOPMENT_TEAM = W2MFT9HK9F;
				INFOPLIST_FILE = LeetCodeSolution/Info.plist;
				LD_RUNPATH_SEARCH_PATHS = "$(inherited) @executable_path/Frameworks";
				PRODUCT_BUNDLE_IDENTIFIER = com.greatwall.LeetCodeSolution;
				PRODUCT_NAME = "$(TARGET_NAME)";
				SWIFT_VERSION = 4.0;
			};
			name = Debug;
		};
		18C3B3E71F232113003A327A /* Release */ = {
			isa = XCBuildConfiguration;
			buildSettings = {
				ASSETCATALOG_COMPILER_APPICON_NAME = AppIcon;
				DEVELOPMENT_TEAM = W2MFT9HK9F;
				INFOPLIST_FILE = LeetCodeSolution/Info.plist;
				LD_RUNPATH_SEARCH_PATHS = "$(inherited) @executable_path/Frameworks";
				PRODUCT_BUNDLE_IDENTIFIER = com.greatwall.LeetCodeSolution;
				PRODUCT_NAME = "$(TARGET_NAME)";
				SWIFT_VERSION = 4.0;
			};
			name = Release;
		};
/* End XCBuildConfiguration section */

/* Begin XCConfigurationList section */
		18C3B3CB1F232113003A327A /* Build configuration list for PBXProject "LeetCodeSolution" */ = {
			isa = XCConfigurationList;
			buildConfigurations = (
				18C3B3E31F232113003A327A /* Debug */,
				18C3B3E41F232113003A327A /* Release */,
			);
			defaultConfigurationIsVisible = 0;
			defaultConfigurationName = Release;
		};
		18C3B3E51F232113003A327A /* Build configuration list for PBXNativeTarget "LeetCodeSolution" */ = {
			isa = XCConfigurationList;
			buildConfigurations = (
				18C3B3E61F232113003A327A /* Debug */,
				18C3B3E71F232113003A327A /* Release */,
			);
			defaultConfigurationIsVisible = 0;
			defaultConfigurationName = Release;
		};
/* End XCConfigurationList section */

/* Begin XCVersionGroup section */
		18C3B3DA1F232113003A327A /* LeetCodeSolution.xcdatamodeld */ = {
			isa = XCVersionGroup;
			children = (
				18C3B3DB1F232113003A327A /* LeetCodeSolution.xcdatamodel */,
			);
			currentVersion = 18C3B3DB1F232113003A327A /* LeetCodeSolution.xcdatamodel */;
			path = LeetCodeSolution.xcdatamodeld;
			sourceTree = "<group>";
			versionGroupType = wrapper.xcdatamodel;
		};
/* End XCVersionGroup section */
	};
	rootObject = 18C3B3C81F232113003A327A /* Project object */;
}
